// !$*UTF8*$!
{
	archiveVersion = 1;
	classes = {
	};
	objectVersion = 46;
	objects = {

/* Begin PBXBuildFile section */
		1C0BD0A51BF1A8E6004F4CF5 /* BGMAutoPauseMusicPrefs.mm in Sources */ = {isa = PBXBuildFile; fileRef = 1C0BD0A41BF1A8E6004F4CF5 /* BGMAutoPauseMusicPrefs.mm */; };
		1C0BD0A81BF1B029004F4CF5 /* BGMPreferencesMenu.mm in Sources */ = {isa = PBXBuildFile; fileRef = 1C0BD0A71BF1B029004F4CF5 /* BGMPreferencesMenu.mm */; };
		1C1108AE1C444F01003F625E /* MainMenu.xib in Resources */ = {isa = PBXBuildFile; fileRef = 1CB8B3421BBA75EF000E2DD1 /* MainMenu.xib */; };
		1C1465B81BCC3A73003AEFE6 /* BGMAutoPauseMusic.mm in Sources */ = {isa = PBXBuildFile; fileRef = 1C1465B71BCC3A73003AEFE6 /* BGMAutoPauseMusic.mm */; };
		1C1962E41BC94E15008A4DF7 /* CARingBuffer.cpp in Sources */ = {isa = PBXBuildFile; fileRef = 1C1962E21BC94E15008A4DF7 /* CARingBuffer.cpp */; };
		1C1962E71BC94E91008A4DF7 /* BGMPlayThrough.cpp in Sources */ = {isa = PBXBuildFile; fileRef = 1C1962E51BC94E91008A4DF7 /* BGMPlayThrough.cpp */; };
		1C1962F31BCABFC5008A4DF7 /* CAHALAudioDevice.cpp in Sources */ = {isa = PBXBuildFile; fileRef = 1C1962EB1BCABFC5008A4DF7 /* CAHALAudioDevice.cpp */; };
		1C1962F41BCABFC5008A4DF7 /* CAHALAudioObject.cpp in Sources */ = {isa = PBXBuildFile; fileRef = 1C1962ED1BCABFC5008A4DF7 /* CAHALAudioObject.cpp */; };
		1C1962F51BCABFC5008A4DF7 /* CAHALAudioStream.cpp in Sources */ = {isa = PBXBuildFile; fileRef = 1C1962EF1BCABFC5008A4DF7 /* CAHALAudioStream.cpp */; };
		1C1962F61BCABFC5008A4DF7 /* CAHALAudioSystemObject.cpp in Sources */ = {isa = PBXBuildFile; fileRef = 1C1962F11BCABFC5008A4DF7 /* CAHALAudioSystemObject.cpp */; };
		1C1962FA1BCAC061008A4DF7 /* CADebugMacros.cpp in Sources */ = {isa = PBXBuildFile; fileRef = 1C1962F71BCAC061008A4DF7 /* CADebugMacros.cpp */; };
		1C1962FD1BCAC0C3008A4DF7 /* CADebugPrintf.cpp in Sources */ = {isa = PBXBuildFile; fileRef = 1C1962FB1BCAC0C3008A4DF7 /* CADebugPrintf.cpp */; };
		1C1963011BCAC0F6008A4DF7 /* CACFString.cpp in Sources */ = {isa = PBXBuildFile; fileRef = 1C1962FF1BCAC0F6008A4DF7 /* CACFString.cpp */; };
		1C1963031BCAC160008A4DF7 /* CoreAudio.framework in Frameworks */ = {isa = PBXBuildFile; fileRef = 1C1963021BCAC160008A4DF7 /* CoreAudio.framework */; };
		1C1963061BCAF468008A4DF7 /* CAMutex.cpp in Sources */ = {isa = PBXBuildFile; fileRef = 1C1963041BCAF468008A4DF7 /* CAMutex.cpp */; };
		1C1963091BCAF677008A4DF7 /* CAHostTimeBase.cpp in Sources */ = {isa = PBXBuildFile; fileRef = 1C1963071BCAF677008A4DF7 /* CAHostTimeBase.cpp */; };
		1C2336DA1BEAB6E7004C1C4E /* BGMMusicPlayer.m in Sources */ = {isa = PBXBuildFile; fileRef = 1C2336D91BEAB6E7004C1C4E /* BGMMusicPlayer.m */; };
		1C2336DF1BEAE10C004C1C4E /* BGMSpotify.m in Sources */ = {isa = PBXBuildFile; fileRef = 1C2336DE1BEAE10C004C1C4E /* BGMSpotify.m */; };
		1C3DB4891BE0885A00EC8160 /* BGMAppVolumes.mm in Sources */ = {isa = PBXBuildFile; fileRef = 1C3DB4881BE0885A00EC8160 /* BGMAppVolumes.mm */; };
		1C4699471BD5C0E400F78043 /* BGMiTunes.m in Sources */ = {isa = PBXBuildFile; fileRef = 1C4699461BD5C0E400F78043 /* BGMiTunes.m */; };
		1C46994E1BD7694C00F78043 /* BGMDeviceControlSync.cpp in Sources */ = {isa = PBXBuildFile; fileRef = 1C46994C1BD7694C00F78043 /* BGMDeviceControlSync.cpp */; };
		1CB8B33D1BBA75EF000E2DD1 /* AppDelegate.mm in Sources */ = {isa = PBXBuildFile; fileRef = 1CB8B33C1BBA75EF000E2DD1 /* AppDelegate.mm */; };
		1CB8B33F1BBA75EF000E2DD1 /* main.m in Sources */ = {isa = PBXBuildFile; fileRef = 1CB8B33E1BBA75EF000E2DD1 /* main.m */; };
		1CB8B3501BBA75F0000E2DD1 /* BGMAppTests.m in Sources */ = {isa = PBXBuildFile; fileRef = 1CB8B34F1BBA75F0000E2DD1 /* BGMAppTests.m */; };
		1CC1DF811BE5068A00FB8FE4 /* CACFArray.cpp in Sources */ = {isa = PBXBuildFile; fileRef = 1CC1DF7D1BE5068A00FB8FE4 /* CACFArray.cpp */; };
		1CC1DF821BE5068A00FB8FE4 /* CACFDictionary.cpp in Sources */ = {isa = PBXBuildFile; fileRef = 1CC1DF7F1BE5068A00FB8FE4 /* CACFDictionary.cpp */; };
		1CC1DF911BE5891300FB8FE4 /* CADebugger.cpp in Sources */ = {isa = PBXBuildFile; fileRef = 1CC1DF8F1BE5891300FB8FE4 /* CADebugger.cpp */; };
		1CC1DF961BE8607700FB8FE4 /* Images.xcassets in Resources */ = {isa = PBXBuildFile; fileRef = 1CC1DF951BE8607700FB8FE4 /* Images.xcassets */; };
		1CD1FD301BDDEAF2004F7E1B /* AudioToolbox.framework in Frameworks */ = {isa = PBXBuildFile; fileRef = 1CD1FD2F1BDDEAF2004F7E1B /* AudioToolbox.framework */; };
		1CE7064C1BF1EC0600BFC06D /* BGMOutputDevicePrefs.mm in Sources */ = {isa = PBXBuildFile; fileRef = 1CE7064B1BF1EC0600BFC06D /* BGMOutputDevicePrefs.mm */; };
		1CED61691C3081C2002CAFCF /* LICENSE in Resources */ = {isa = PBXBuildFile; fileRef = 1CED61681C3081C2002CAFCF /* LICENSE */; };
		1CED616C1C316E1A002CAFCF /* BGMAudioDeviceManager.mm in Sources */ = {isa = PBXBuildFile; fileRef = 1CED616B1C316E1A002CAFCF /* BGMAudioDeviceManager.mm */; };
		271677BA1C6CBDFA0080B0A2 /* CACFNumber.cpp in Sources */ = {isa = PBXBuildFile; fileRef = 271677B81C6CBDFA0080B0A2 /* CACFNumber.cpp */; };
		27379B8A1C7C562D0084A24C /* BGMVLC.m in Sources */ = {isa = PBXBuildFile; fileRef = 27379B891C7C562D0084A24C /* BGMVLC.m */; };
		273F10DF1CC3D0B900C1C6DA /* BGMVOX.m in Sources */ = {isa = PBXBuildFile; fileRef = 273F10DE1CC3D0B900C1C6DA /* BGMVOX.m */; };
		2743C9EB1D852B360089613B /* BGMMusicPlayers.mm in Sources */ = {isa = PBXBuildFile; fileRef = 2743C9E81D852B350089613B /* BGMMusicPlayers.mm */; };
		2743C9EC1D852B360089613B /* BGMScriptingBridge.m in Sources */ = {isa = PBXBuildFile; fileRef = 2743C9EA1D852B350089613B /* BGMScriptingBridge.m */; };
		2743C9F11D853FBB0089613B /* BGMUserDefaults.m in Sources */ = {isa = PBXBuildFile; fileRef = 2743C9F01D853FBB0089613B /* BGMUserDefaults.m */; };
		2743C9F91D86CFFA0089613B /* BGMMusicPlayersUnitTests.mm in Sources */ = {isa = PBXBuildFile; fileRef = 2743C9F81D86CFFA0089613B /* BGMMusicPlayersUnitTests.mm */; };
		2743CA011D86D3CB0089613B /* BGMMusicPlayers.mm in Sources */ = {isa = PBXBuildFile; fileRef = 2743C9E81D852B350089613B /* BGMMusicPlayers.mm */; };
		2743CA021D86D3CB0089613B /* BGMiTunes.m in Sources */ = {isa = PBXBuildFile; fileRef = 1C4699461BD5C0E400F78043 /* BGMiTunes.m */; };
		2743CA031D86D41C0089613B /* BGMScriptingBridge.m in Sources */ = {isa = PBXBuildFile; fileRef = 2743C9EA1D852B350089613B /* BGMScriptingBridge.m */; };
		2743CA041D86D41C0089613B /* BGMMusicPlayer.m in Sources */ = {isa = PBXBuildFile; fileRef = 1C2336D91BEAB6E7004C1C4E /* BGMMusicPlayer.m */; };
		2743CA051D86D41C0089613B /* BGMDecibel.m in Sources */ = {isa = PBXBuildFile; fileRef = 27F7D48F1D2483B100821C4B /* BGMDecibel.m */; };
		2743CA061D86D41C0089613B /* BGMSpotify.m in Sources */ = {isa = PBXBuildFile; fileRef = 1C2336DE1BEAE10C004C1C4E /* BGMSpotify.m */; };
		2743CA071D86D41C0089613B /* BGMVLC.m in Sources */ = {isa = PBXBuildFile; fileRef = 27379B891C7C562D0084A24C /* BGMVLC.m */; };
		2743CA081D86D41C0089613B /* BGMVOX.m in Sources */ = {isa = PBXBuildFile; fileRef = 273F10DE1CC3D0B900C1C6DA /* BGMVOX.m */; };
		2743CA091D86D41C0089613B /* BGMUserDefaults.m in Sources */ = {isa = PBXBuildFile; fileRef = 2743C9F01D853FBB0089613B /* BGMUserDefaults.m */; };
		2743CA0A1D86D52D0089613B /* BGMAudioDeviceManager.mm in Sources */ = {isa = PBXBuildFile; fileRef = 1CED616B1C316E1A002CAFCF /* BGMAudioDeviceManager.mm */; };
		2743CA0C1D86D7FA0089613B /* CACFArray.cpp in Sources */ = {isa = PBXBuildFile; fileRef = 1CC1DF7D1BE5068A00FB8FE4 /* CACFArray.cpp */; };
		2743CA0D1D86D7FA0089613B /* CACFDictionary.cpp in Sources */ = {isa = PBXBuildFile; fileRef = 1CC1DF7F1BE5068A00FB8FE4 /* CACFDictionary.cpp */; };
		2743CA0E1D86D7FA0089613B /* CACFNumber.cpp in Sources */ = {isa = PBXBuildFile; fileRef = 271677B81C6CBDFA0080B0A2 /* CACFNumber.cpp */; };
		2743CA0F1D86D7FA0089613B /* CACFString.cpp in Sources */ = {isa = PBXBuildFile; fileRef = 1C1962FF1BCAC0F6008A4DF7 /* CACFString.cpp */; };
		2743CA101D86D7FA0089613B /* CADebugger.cpp in Sources */ = {isa = PBXBuildFile; fileRef = 1CC1DF8F1BE5891300FB8FE4 /* CADebugger.cpp */; };
		2743CA111D86D7FA0089613B /* CADebugMacros.cpp in Sources */ = {isa = PBXBuildFile; fileRef = 1C1962F71BCAC061008A4DF7 /* CADebugMacros.cpp */; };
		2743CA121D86D7FA0089613B /* CADebugPrintf.cpp in Sources */ = {isa = PBXBuildFile; fileRef = 1C1962FB1BCAC0C3008A4DF7 /* CADebugPrintf.cpp */; };
		2743CA141D86D7FA0089613B /* CAHALAudioStream.cpp in Sources */ = {isa = PBXBuildFile; fileRef = 1C1962EF1BCABFC5008A4DF7 /* CAHALAudioStream.cpp */; };
		2743CA151D86D7FA0089613B /* CAHALAudioSystemObject.cpp in Sources */ = {isa = PBXBuildFile; fileRef = 1C1962F11BCABFC5008A4DF7 /* CAHALAudioSystemObject.cpp */; };
		2743CA161D86D7FA0089613B /* CAHostTimeBase.cpp in Sources */ = {isa = PBXBuildFile; fileRef = 1C1963071BCAF677008A4DF7 /* CAHostTimeBase.cpp */; };
		2743CA171D86D7FA0089613B /* CAMutex.cpp in Sources */ = {isa = PBXBuildFile; fileRef = 1C1963041BCAF468008A4DF7 /* CAMutex.cpp */; };
		2743CA181D86D7FA0089613B /* CAPThread.cpp in Sources */ = {isa = PBXBuildFile; fileRef = 1C8034C21BDAFD5700668E00 /* CAPThread.cpp */; };
		2743CA191D86D7FA0089613B /* CARingBuffer.cpp in Sources */ = {isa = PBXBuildFile; fileRef = 1C1962E21BC94E15008A4DF7 /* CARingBuffer.cpp */; };
		2743CA1D1D86DA9B0089613B /* Foundation.framework in Frameworks */ = {isa = PBXBuildFile; fileRef = 2743CA1C1D86DA9B0089613B /* Foundation.framework */; };
		2743CA1E1D86DE1C0089613B /* Mock_CAHALAudioObject.cpp in Sources */ = {isa = PBXBuildFile; fileRef = 2743CA0B1D86D6420089613B /* Mock_CAHALAudioObject.cpp */; };
		2743CA1F1D86DE1C0089613B /* CAHALAudioDevice.cpp in Sources */ = {isa = PBXBuildFile; fileRef = 1C1962EB1BCABFC5008A4DF7 /* CAHALAudioDevice.cpp */; };
		2743CA201D86DE5E0089613B /* BGMPlayThrough.cpp in Sources */ = {isa = PBXBuildFile; fileRef = 1C1962E51BC94E91008A4DF7 /* BGMPlayThrough.cpp */; };
		2743CA211D86DE780089613B /* BGMDeviceControlSync.cpp in Sources */ = {isa = PBXBuildFile; fileRef = 1C46994C1BD7694C00F78043 /* BGMDeviceControlSync.cpp */; };
		2743CA221D86DE960089613B /* CoreAudio.framework in Frameworks */ = {isa = PBXBuildFile; fileRef = 1C1963021BCAC160008A4DF7 /* CoreAudio.framework */; };
		2743CA231D86DEA70089613B /* AudioToolbox.framework in Frameworks */ = {isa = PBXBuildFile; fileRef = 1CD1FD2F1BDDEAF2004F7E1B /* AudioToolbox.framework */; };
		2769728C1CAFCEE8007A2F7C /* post_install.sh in Resources */ = {isa = PBXBuildFile; fileRef = 2769728B1CAFCEE8007A2F7C /* post_install.sh */; };
		2769728E1CAFCEFD007A2F7C /* com.bearisdriving.BGM.XPCHelper.plist.template in Resources */ = {isa = PBXBuildFile; fileRef = 2769728D1CAFCEFD007A2F7C /* com.bearisdriving.BGM.XPCHelper.plist.template */; };
		2769728F1CAFF22C007A2F7C /* com.bearisdriving.BGM.XPCHelper.plist.template in Resources */ = {isa = PBXBuildFile; fileRef = 2769728D1CAFCEFD007A2F7C /* com.bearisdriving.BGM.XPCHelper.plist.template */; };
		276972911CB16008007A2F7C /* safe_install_dir.sh in Resources */ = {isa = PBXBuildFile; fileRef = 276972901CB16008007A2F7C /* safe_install_dir.sh */; };
		276972921CB1603E007A2F7C /* safe_install_dir.sh in Resources */ = {isa = PBXBuildFile; fileRef = 276972901CB16008007A2F7C /* safe_install_dir.sh */; };
		277170161CA24D7C00AB34B4 /* BGMXPCListenerDelegate.m in Sources */ = {isa = PBXBuildFile; fileRef = 277170151CA24D7C00AB34B4 /* BGMXPCListenerDelegate.m */; };
		278D71E91CABB6FF00899CF9 /* BGMXPCHelperTests.m in Sources */ = {isa = PBXBuildFile; fileRef = 279597401C996E2000A002FB /* BGMXPCHelperTests.m */; };
		278D71F61CABBC3B00899CF9 /* BGMXPCHelperTests-Info.plist in Resources */ = {isa = PBXBuildFile; fileRef = 278D71F51CABBC3B00899CF9 /* BGMXPCHelperTests-Info.plist */; };
		2795973B1C982E4E00A002FB /* BGMXPCListener.mm in Sources */ = {isa = PBXBuildFile; fileRef = 2795973A1C982E4E00A002FB /* BGMXPCListener.mm */; };
		27C457E61CF2BC2600A6C9A6 /* BGMAutoPauseMenuItem.m in Sources */ = {isa = PBXBuildFile; fileRef = 27C457E51CF2BC2600A6C9A6 /* BGMAutoPauseMenuItem.m */; };
		27D643BE1C9FB84C00737F6E /* Info.plist in Resources */ = {isa = PBXBuildFile; fileRef = 27D643BB1C9FB84C00737F6E /* Info.plist */; };
		27D643C01C9FB99200737F6E /* BGMXPCHelperService.m in Sources */ = {isa = PBXBuildFile; fileRef = 27D643BA1C9FB84C00737F6E /* BGMXPCHelperService.m */; };
		27D643C11C9FB99200737F6E /* main.m in Sources */ = {isa = PBXBuildFile; fileRef = 27D643BC1C9FB84C00737F6E /* main.m */; };
		27F7D4901D2483B100821C4B /* BGMDecibel.m in Sources */ = {isa = PBXBuildFile; fileRef = 27F7D48F1D2483B100821C4B /* BGMDecibel.m */; };
/* End PBXBuildFile section */

/* Begin PBXContainerItemProxy section */
		1CB8B34A1BBA75F0000E2DD1 /* PBXContainerItemProxy */ = {
			isa = PBXContainerItemProxy;
			containerPortal = 1CB8B32E1BBA75EF000E2DD1 /* Project object */;
			proxyType = 1;
			remoteGlobalIDString = 1CB8B3351BBA75EF000E2DD1;
			remoteInfo = BGMApp;
		};
		278D71F31CABB88B00899CF9 /* PBXContainerItemProxy */ = {
			isa = PBXContainerItemProxy;
			containerPortal = 1CB8B32E1BBA75EF000E2DD1 /* Project object */;
			proxyType = 1;
			remoteGlobalIDString = 27379B8E1C7F57DA0084A24C;
			remoteInfo = BGMXPCHelper;
		};
/* End PBXContainerItemProxy section */

/* Begin PBXFileReference section */
		1C0BD0A31BF1A8E6004F4CF5 /* BGMAutoPauseMusicPrefs.h */ = {isa = PBXFileReference; fileEncoding = 4; lastKnownFileType = sourcecode.c.h; name = BGMAutoPauseMusicPrefs.h; path = Preferences/BGMAutoPauseMusicPrefs.h; sourceTree = "<group>"; };
		1C0BD0A41BF1A8E6004F4CF5 /* BGMAutoPauseMusicPrefs.mm */ = {isa = PBXFileReference; fileEncoding = 4; lastKnownFileType = sourcecode.cpp.objcpp; name = BGMAutoPauseMusicPrefs.mm; path = Preferences/BGMAutoPauseMusicPrefs.mm; sourceTree = "<group>"; };
		1C0BD0A61BF1B029004F4CF5 /* BGMPreferencesMenu.h */ = {isa = PBXFileReference; fileEncoding = 4; lastKnownFileType = sourcecode.c.h; name = BGMPreferencesMenu.h; path = Preferences/BGMPreferencesMenu.h; sourceTree = "<group>"; };
		1C0BD0A71BF1B029004F4CF5 /* BGMPreferencesMenu.mm */ = {isa = PBXFileReference; fileEncoding = 4; lastKnownFileType = sourcecode.cpp.objcpp; name = BGMPreferencesMenu.mm; path = Preferences/BGMPreferencesMenu.mm; sourceTree = "<group>"; };
		1C1465B71BCC3A73003AEFE6 /* BGMAutoPauseMusic.mm */ = {isa = PBXFileReference; fileEncoding = 4; lastKnownFileType = sourcecode.cpp.objcpp; path = BGMAutoPauseMusic.mm; sourceTree = "<group>"; };
		1C1465B91BCC49D1003AEFE6 /* BGMAutoPauseMusic.h */ = {isa = PBXFileReference; fileEncoding = 4; lastKnownFileType = sourcecode.c.h; path = BGMAutoPauseMusic.h; sourceTree = "<group>"; };
		1C1962E21BC94E15008A4DF7 /* CARingBuffer.cpp */ = {isa = PBXFileReference; fileEncoding = 4; lastKnownFileType = sourcecode.cpp.cpp; name = CARingBuffer.cpp; path = PublicUtility/CARingBuffer.cpp; sourceTree = "<group>"; };
		1C1962E31BC94E15008A4DF7 /* CARingBuffer.h */ = {isa = PBXFileReference; fileEncoding = 4; lastKnownFileType = sourcecode.c.h; name = CARingBuffer.h; path = PublicUtility/CARingBuffer.h; sourceTree = "<group>"; };
		1C1962E51BC94E91008A4DF7 /* BGMPlayThrough.cpp */ = {isa = PBXFileReference; fileEncoding = 4; lastKnownFileType = sourcecode.cpp.cpp; path = BGMPlayThrough.cpp; sourceTree = "<group>"; };
		1C1962E61BC94E91008A4DF7 /* BGMPlayThrough.h */ = {isa = PBXFileReference; fileEncoding = 4; lastKnownFileType = sourcecode.c.h; path = BGMPlayThrough.h; sourceTree = "<group>"; };
		1C1962E81BC95301008A4DF7 /* CAAtomic.h */ = {isa = PBXFileReference; fileEncoding = 4; lastKnownFileType = sourcecode.c.h; name = CAAtomic.h; path = PublicUtility/CAAtomic.h; sourceTree = "<group>"; };
		1C1962E91BC95301008A4DF7 /* CAAutoDisposer.h */ = {isa = PBXFileReference; fileEncoding = 4; lastKnownFileType = sourcecode.c.h; name = CAAutoDisposer.h; path = PublicUtility/CAAutoDisposer.h; sourceTree = "<group>"; };
		1C1962EA1BC95301008A4DF7 /* CABitOperations.h */ = {isa = PBXFileReference; fileEncoding = 4; lastKnownFileType = sourcecode.c.h; name = CABitOperations.h; path = PublicUtility/CABitOperations.h; sourceTree = "<group>"; };
		1C1962EB1BCABFC5008A4DF7 /* CAHALAudioDevice.cpp */ = {isa = PBXFileReference; fileEncoding = 4; lastKnownFileType = sourcecode.cpp.cpp; name = CAHALAudioDevice.cpp; path = PublicUtility/CAHALAudioDevice.cpp; sourceTree = "<group>"; };
		1C1962EC1BCABFC5008A4DF7 /* CAHALAudioDevice.h */ = {isa = PBXFileReference; fileEncoding = 4; lastKnownFileType = sourcecode.c.h; name = CAHALAudioDevice.h; path = PublicUtility/CAHALAudioDevice.h; sourceTree = "<group>"; };
		1C1962ED1BCABFC5008A4DF7 /* CAHALAudioObject.cpp */ = {isa = PBXFileReference; fileEncoding = 4; lastKnownFileType = sourcecode.cpp.cpp; name = CAHALAudioObject.cpp; path = PublicUtility/CAHALAudioObject.cpp; sourceTree = "<group>"; };
		1C1962EE1BCABFC5008A4DF7 /* CAHALAudioObject.h */ = {isa = PBXFileReference; fileEncoding = 4; lastKnownFileType = sourcecode.c.h; name = CAHALAudioObject.h; path = PublicUtility/CAHALAudioObject.h; sourceTree = "<group>"; };
		1C1962EF1BCABFC5008A4DF7 /* CAHALAudioStream.cpp */ = {isa = PBXFileReference; fileEncoding = 4; lastKnownFileType = sourcecode.cpp.cpp; name = CAHALAudioStream.cpp; path = PublicUtility/CAHALAudioStream.cpp; sourceTree = "<group>"; };
		1C1962F01BCABFC5008A4DF7 /* CAHALAudioStream.h */ = {isa = PBXFileReference; fileEncoding = 4; lastKnownFileType = sourcecode.c.h; name = CAHALAudioStream.h; path = PublicUtility/CAHALAudioStream.h; sourceTree = "<group>"; };
		1C1962F11BCABFC5008A4DF7 /* CAHALAudioSystemObject.cpp */ = {isa = PBXFileReference; fileEncoding = 4; lastKnownFileType = sourcecode.cpp.cpp; name = CAHALAudioSystemObject.cpp; path = PublicUtility/CAHALAudioSystemObject.cpp; sourceTree = "<group>"; };
		1C1962F21BCABFC5008A4DF7 /* CAHALAudioSystemObject.h */ = {isa = PBXFileReference; fileEncoding = 4; lastKnownFileType = sourcecode.c.h; name = CAHALAudioSystemObject.h; path = PublicUtility/CAHALAudioSystemObject.h; sourceTree = "<group>"; };
		1C1962F71BCAC061008A4DF7 /* CADebugMacros.cpp */ = {isa = PBXFileReference; fileEncoding = 4; lastKnownFileType = sourcecode.cpp.cpp; name = CADebugMacros.cpp; path = PublicUtility/CADebugMacros.cpp; sourceTree = "<group>"; };
		1C1962F81BCAC061008A4DF7 /* CADebugMacros.h */ = {isa = PBXFileReference; fileEncoding = 4; lastKnownFileType = sourcecode.c.h; name = CADebugMacros.h; path = PublicUtility/CADebugMacros.h; sourceTree = "<group>"; };
		1C1962F91BCAC061008A4DF7 /* CAPropertyAddress.h */ = {isa = PBXFileReference; fileEncoding = 4; lastKnownFileType = sourcecode.c.h; name = CAPropertyAddress.h; path = PublicUtility/CAPropertyAddress.h; sourceTree = "<group>"; };
		1C1962FB1BCAC0C3008A4DF7 /* CADebugPrintf.cpp */ = {isa = PBXFileReference; fileEncoding = 4; lastKnownFileType = sourcecode.cpp.cpp; name = CADebugPrintf.cpp; path = PublicUtility/CADebugPrintf.cpp; sourceTree = "<group>"; };
		1C1962FC1BCAC0C3008A4DF7 /* CADebugPrintf.h */ = {isa = PBXFileReference; fileEncoding = 4; lastKnownFileType = sourcecode.c.h; name = CADebugPrintf.h; path = PublicUtility/CADebugPrintf.h; sourceTree = "<group>"; };
		1C1962FE1BCAC0DB008A4DF7 /* CAException.h */ = {isa = PBXFileReference; lastKnownFileType = sourcecode.c.h; name = CAException.h; path = PublicUtility/CAException.h; sourceTree = "<group>"; };
		1C1962FF1BCAC0F6008A4DF7 /* CACFString.cpp */ = {isa = PBXFileReference; fileEncoding = 4; lastKnownFileType = sourcecode.cpp.cpp; name = CACFString.cpp; path = PublicUtility/CACFString.cpp; sourceTree = "<group>"; };
		1C1963001BCAC0F6008A4DF7 /* CACFString.h */ = {isa = PBXFileReference; fileEncoding = 4; lastKnownFileType = sourcecode.c.h; name = CACFString.h; path = PublicUtility/CACFString.h; sourceTree = "<group>"; };
		1C1963021BCAC160008A4DF7 /* CoreAudio.framework */ = {isa = PBXFileReference; lastKnownFileType = wrapper.framework; name = CoreAudio.framework; path = System/Library/Frameworks/CoreAudio.framework; sourceTree = SDKROOT; };
		1C1963041BCAF468008A4DF7 /* CAMutex.cpp */ = {isa = PBXFileReference; fileEncoding = 4; lastKnownFileType = sourcecode.cpp.cpp; name = CAMutex.cpp; path = PublicUtility/CAMutex.cpp; sourceTree = "<group>"; };
		1C1963051BCAF468008A4DF7 /* CAMutex.h */ = {isa = PBXFileReference; fileEncoding = 4; lastKnownFileType = sourcecode.c.h; name = CAMutex.h; path = PublicUtility/CAMutex.h; sourceTree = "<group>"; };
		1C1963071BCAF677008A4DF7 /* CAHostTimeBase.cpp */ = {isa = PBXFileReference; fileEncoding = 4; lastKnownFileType = sourcecode.cpp.cpp; name = CAHostTimeBase.cpp; path = PublicUtility/CAHostTimeBase.cpp; sourceTree = "<group>"; };
		1C1963081BCAF677008A4DF7 /* CAHostTimeBase.h */ = {isa = PBXFileReference; fileEncoding = 4; lastKnownFileType = sourcecode.c.h; name = CAHostTimeBase.h; path = PublicUtility/CAHostTimeBase.h; sourceTree = "<group>"; };
		1C2336D91BEAB6E7004C1C4E /* BGMMusicPlayer.m */ = {isa = PBXFileReference; fileEncoding = 4; lastKnownFileType = sourcecode.c.objc; name = BGMMusicPlayer.m; path = "Music Players/BGMMusicPlayer.m"; sourceTree = "<group>"; };
		1C2336DB1BEAB73F004C1C4E /* BGMiTunes.h */ = {isa = PBXFileReference; lastKnownFileType = sourcecode.c.h; name = BGMiTunes.h; path = "Music Players/BGMiTunes.h"; sourceTree = "<group>"; };
		1C2336DC1BEAB73F004C1C4E /* BGMMusicPlayer.h */ = {isa = PBXFileReference; lastKnownFileType = sourcecode.c.h; name = BGMMusicPlayer.h; path = "Music Players/BGMMusicPlayer.h"; sourceTree = "<group>"; };
		1C2336DD1BEAE10C004C1C4E /* BGMSpotify.h */ = {isa = PBXFileReference; fileEncoding = 4; lastKnownFileType = sourcecode.c.h; name = BGMSpotify.h; path = "Music Players/BGMSpotify.h"; sourceTree = "<group>"; };
		1C2336DE1BEAE10C004C1C4E /* BGMSpotify.m */ = {isa = PBXFileReference; fileEncoding = 4; lastKnownFileType = sourcecode.c.objc; name = BGMSpotify.m; path = "Music Players/BGMSpotify.m"; sourceTree = "<group>"; };
		1C3DB4881BE0885A00EC8160 /* BGMAppVolumes.mm */ = {isa = PBXFileReference; fileEncoding = 4; lastKnownFileType = sourcecode.cpp.objcpp; path = BGMAppVolumes.mm; sourceTree = "<group>"; };
		1C3DB48A1BE0888500EC8160 /* BGMAppVolumes.h */ = {isa = PBXFileReference; fileEncoding = 4; lastKnownFileType = sourcecode.c.h; path = BGMAppVolumes.h; sourceTree = "<group>"; };
		1C4699461BD5C0E400F78043 /* BGMiTunes.m */ = {isa = PBXFileReference; fileEncoding = 4; lastKnownFileType = sourcecode.c.objc; name = BGMiTunes.m; path = "Music Players/BGMiTunes.m"; sourceTree = "<group>"; };
		1C46994C1BD7694C00F78043 /* BGMDeviceControlSync.cpp */ = {isa = PBXFileReference; fileEncoding = 4; lastKnownFileType = sourcecode.cpp.cpp; path = BGMDeviceControlSync.cpp; sourceTree = "<group>"; };
		1C46994D1BD7694C00F78043 /* BGMDeviceControlSync.h */ = {isa = PBXFileReference; fileEncoding = 4; lastKnownFileType = sourcecode.c.h; path = BGMDeviceControlSync.h; sourceTree = "<group>"; };
		1C8034C21BDAFD5700668E00 /* CAPThread.cpp */ = {isa = PBXFileReference; fileEncoding = 4; lastKnownFileType = sourcecode.cpp.cpp; name = CAPThread.cpp; path = PublicUtility/CAPThread.cpp; sourceTree = "<group>"; };
		1C8034C31BDAFD5700668E00 /* CAPThread.h */ = {isa = PBXFileReference; fileEncoding = 4; lastKnownFileType = sourcecode.c.h; name = CAPThread.h; path = PublicUtility/CAPThread.h; sourceTree = "<group>"; };
		1CB8B3361BBA75EF000E2DD1 /* Background Music.app */ = {isa = PBXFileReference; explicitFileType = wrapper.application; includeInIndex = 0; path = "Background Music.app"; sourceTree = BUILT_PRODUCTS_DIR; };
		1CB8B33A1BBA75EF000E2DD1 /* Info.plist */ = {isa = PBXFileReference; lastKnownFileType = text.plist.xml; path = Info.plist; sourceTree = "<group>"; };
		1CB8B33B1BBA75EF000E2DD1 /* AppDelegate.h */ = {isa = PBXFileReference; lastKnownFileType = sourcecode.c.h; path = AppDelegate.h; sourceTree = "<group>"; };
		1CB8B33C1BBA75EF000E2DD1 /* AppDelegate.mm */ = {isa = PBXFileReference; lastKnownFileType = sourcecode.cpp.objcpp; path = AppDelegate.mm; sourceTree = "<group>"; };
		1CB8B33E1BBA75EF000E2DD1 /* main.m */ = {isa = PBXFileReference; lastKnownFileType = sourcecode.c.objc; path = main.m; sourceTree = "<group>"; };
		1CB8B3431BBA75EF000E2DD1 /* Base */ = {isa = PBXFileReference; lastKnownFileType = file.xib; name = Base; path = Base.lproj/MainMenu.xib; sourceTree = "<group>"; };
		1CB8B3491BBA75F0000E2DD1 /* BGMAppTests.xctest */ = {isa = PBXFileReference; explicitFileType = wrapper.cfbundle; includeInIndex = 0; path = BGMAppTests.xctest; sourceTree = BUILT_PRODUCTS_DIR; };
		1CB8B34E1BBA75F0000E2DD1 /* BGMAppTests-Info.plist */ = {isa = PBXFileReference; lastKnownFileType = text.plist.xml; path = "BGMAppTests-Info.plist"; sourceTree = "<group>"; };
		1CB8B34F1BBA75F0000E2DD1 /* BGMAppTests.m */ = {isa = PBXFileReference; lastKnownFileType = sourcecode.c.objc; path = BGMAppTests.m; sourceTree = "<group>"; };
		1CC1DF7D1BE5068A00FB8FE4 /* CACFArray.cpp */ = {isa = PBXFileReference; fileEncoding = 4; lastKnownFileType = sourcecode.cpp.cpp; name = CACFArray.cpp; path = PublicUtility/CACFArray.cpp; sourceTree = "<group>"; };
		1CC1DF7E1BE5068A00FB8FE4 /* CACFArray.h */ = {isa = PBXFileReference; fileEncoding = 4; lastKnownFileType = sourcecode.c.h; name = CACFArray.h; path = PublicUtility/CACFArray.h; sourceTree = "<group>"; };
		1CC1DF7F1BE5068A00FB8FE4 /* CACFDictionary.cpp */ = {isa = PBXFileReference; fileEncoding = 4; lastKnownFileType = sourcecode.cpp.cpp; name = CACFDictionary.cpp; path = PublicUtility/CACFDictionary.cpp; sourceTree = "<group>"; };
		1CC1DF801BE5068A00FB8FE4 /* CACFDictionary.h */ = {isa = PBXFileReference; fileEncoding = 4; lastKnownFileType = sourcecode.c.h; name = CACFDictionary.h; path = PublicUtility/CACFDictionary.h; sourceTree = "<group>"; };
		1CC1DF8F1BE5891300FB8FE4 /* CADebugger.cpp */ = {isa = PBXFileReference; fileEncoding = 4; lastKnownFileType = sourcecode.cpp.cpp; name = CADebugger.cpp; path = PublicUtility/CADebugger.cpp; sourceTree = "<group>"; };
		1CC1DF901BE5891300FB8FE4 /* CADebugger.h */ = {isa = PBXFileReference; fileEncoding = 4; lastKnownFileType = sourcecode.c.h; name = CADebugger.h; path = PublicUtility/CADebugger.h; sourceTree = "<group>"; };
		1CC1DF951BE8607700FB8FE4 /* Images.xcassets */ = {isa = PBXFileReference; lastKnownFileType = folder.assetcatalog; path = Images.xcassets; sourceTree = "<group>"; };
		1CD1FD2F1BDDEAF2004F7E1B /* AudioToolbox.framework */ = {isa = PBXFileReference; lastKnownFileType = wrapper.framework; name = AudioToolbox.framework; path = System/Library/Frameworks/AudioToolbox.framework; sourceTree = SDKROOT; };
		1CE7064A1BF1EC0600BFC06D /* BGMOutputDevicePrefs.h */ = {isa = PBXFileReference; fileEncoding = 4; lastKnownFileType = sourcecode.c.h; name = BGMOutputDevicePrefs.h; path = Preferences/BGMOutputDevicePrefs.h; sourceTree = "<group>"; };
		1CE7064B1BF1EC0600BFC06D /* BGMOutputDevicePrefs.mm */ = {isa = PBXFileReference; fileEncoding = 4; lastKnownFileType = sourcecode.cpp.objcpp; name = BGMOutputDevicePrefs.mm; path = Preferences/BGMOutputDevicePrefs.mm; sourceTree = "<group>"; };
		1CED61681C3081C2002CAFCF /* LICENSE */ = {isa = PBXFileReference; fileEncoding = 4; lastKnownFileType = text; path = LICENSE; sourceTree = "<group>"; };
		1CED616A1C316E1A002CAFCF /* BGMAudioDeviceManager.h */ = {isa = PBXFileReference; fileEncoding = 4; lastKnownFileType = sourcecode.c.h; path = BGMAudioDeviceManager.h; sourceTree = "<group>"; };
		1CED616B1C316E1A002CAFCF /* BGMAudioDeviceManager.mm */ = {isa = PBXFileReference; fileEncoding = 4; lastKnownFileType = sourcecode.cpp.objcpp; path = BGMAudioDeviceManager.mm; sourceTree = "<group>"; };
		1CF69BA41BCFF59C009B5D1F /* BGMApp.profdata */ = {isa = PBXFileReference; lastKnownFileType = file; path = BGMApp.profdata; sourceTree = "<group>"; };
		271677B81C6CBDFA0080B0A2 /* CACFNumber.cpp */ = {isa = PBXFileReference; fileEncoding = 4; lastKnownFileType = sourcecode.cpp.cpp; name = CACFNumber.cpp; path = PublicUtility/CACFNumber.cpp; sourceTree = "<group>"; };
		271677B91C6CBDFA0080B0A2 /* CACFNumber.h */ = {isa = PBXFileReference; fileEncoding = 4; lastKnownFileType = sourcecode.c.h; name = CACFNumber.h; path = PublicUtility/CACFNumber.h; sourceTree = "<group>"; };
		27379B851C7C54870084A24C /* iTunes.h */ = {isa = PBXFileReference; fileEncoding = 4; lastKnownFileType = sourcecode.c.h; name = iTunes.h; path = "Music Players/iTunes.h"; sourceTree = "<group>"; };
		27379B861C7C54870084A24C /* Spotify.h */ = {isa = PBXFileReference; fileEncoding = 4; lastKnownFileType = sourcecode.c.h; name = Spotify.h; path = "Music Players/Spotify.h"; sourceTree = "<group>"; };
		27379B871C7C552A0084A24C /* VLC.h */ = {isa = PBXFileReference; fileEncoding = 4; lastKnownFileType = sourcecode.c.h; name = VLC.h; path = "Music Players/VLC.h"; sourceTree = "<group>"; };
		27379B881C7C562D0084A24C /* BGMVLC.h */ = {isa = PBXFileReference; fileEncoding = 4; lastKnownFileType = sourcecode.c.h; name = BGMVLC.h; path = "Music Players/BGMVLC.h"; sourceTree = "<group>"; };
		27379B891C7C562D0084A24C /* BGMVLC.m */ = {isa = PBXFileReference; fileEncoding = 4; lastKnownFileType = sourcecode.c.objc; name = BGMVLC.m; path = "Music Players/BGMVLC.m"; sourceTree = "<group>"; };
		27379B8F1C7F57DA0084A24C /* BGMXPCHelper.xpc */ = {isa = PBXFileReference; explicitFileType = "wrapper.xpc-service"; includeInIndex = 0; path = BGMXPCHelper.xpc; sourceTree = BUILT_PRODUCTS_DIR; };
		273F10DC1CC3CF9C00C1C6DA /* VOX.h */ = {isa = PBXFileReference; fileEncoding = 4; lastKnownFileType = sourcecode.c.h; name = VOX.h; path = "Music Players/VOX.h"; sourceTree = "<group>"; };
		273F10DD1CC3D0B900C1C6DA /* BGMVOX.h */ = {isa = PBXFileReference; fileEncoding = 4; lastKnownFileType = sourcecode.c.h; name = BGMVOX.h; path = "Music Players/BGMVOX.h"; sourceTree = "<group>"; };
		273F10DE1CC3D0B900C1C6DA /* BGMVOX.m */ = {isa = PBXFileReference; fileEncoding = 4; lastKnownFileType = sourcecode.c.objc; name = BGMVOX.m; path = "Music Players/BGMVOX.m"; sourceTree = "<group>"; };
		2743C9E71D852B350089613B /* BGMMusicPlayers.h */ = {isa = PBXFileReference; fileEncoding = 4; lastKnownFileType = sourcecode.c.h; name = BGMMusicPlayers.h; path = "Music Players/BGMMusicPlayers.h"; sourceTree = "<group>"; };
		2743C9E81D852B350089613B /* BGMMusicPlayers.mm */ = {isa = PBXFileReference; fileEncoding = 4; lastKnownFileType = sourcecode.cpp.objcpp; name = BGMMusicPlayers.mm; path = "Music Players/BGMMusicPlayers.mm"; sourceTree = "<group>"; };
		2743C9E91D852B350089613B /* BGMScriptingBridge.h */ = {isa = PBXFileReference; fileEncoding = 4; lastKnownFileType = sourcecode.c.h; name = BGMScriptingBridge.h; path = "Music Players/BGMScriptingBridge.h"; sourceTree = "<group>"; };
		2743C9EA1D852B350089613B /* BGMScriptingBridge.m */ = {isa = PBXFileReference; fileEncoding = 4; lastKnownFileType = sourcecode.c.objc; name = BGMScriptingBridge.m; path = "Music Players/BGMScriptingBridge.m"; sourceTree = "<group>"; };
		2743C9ED1D8538700089613B /* BGMUserDefaults.h */ = {isa = PBXFileReference; fileEncoding = 4; lastKnownFileType = sourcecode.c.h; path = BGMUserDefaults.h; sourceTree = "<group>"; };
		2743C9F01D853FBB0089613B /* BGMUserDefaults.m */ = {isa = PBXFileReference; fileEncoding = 4; lastKnownFileType = sourcecode.c.objc; path = BGMUserDefaults.m; sourceTree = "<group>"; };
		2743C9F61D86CFF90089613B /* BGMAppUnitTests.xctest */ = {isa = PBXFileReference; explicitFileType = wrapper.cfbundle; includeInIndex = 0; path = BGMAppUnitTests.xctest; sourceTree = BUILT_PRODUCTS_DIR; };
		2743C9F81D86CFFA0089613B /* BGMMusicPlayersUnitTests.mm */ = {isa = PBXFileReference; lastKnownFileType = sourcecode.cpp.objcpp; path = BGMMusicPlayersUnitTests.mm; sourceTree = "<group>"; };
		2743C9FA1D86CFFA0089613B /* BGMAppUnitTests-Info.plist */ = {isa = PBXFileReference; lastKnownFileType = text.plist.xml; name = "BGMAppUnitTests-Info.plist"; path = "../AppUnitTests/BGMAppUnitTests-Info.plist"; sourceTree = "<group>"; };
		2743CA0B1D86D6420089613B /* Mock_CAHALAudioObject.cpp */ = {isa = PBXFileReference; fileEncoding = 4; lastKnownFileType = sourcecode.cpp.cpp; path = Mock_CAHALAudioObject.cpp; sourceTree = "<group>"; };
		2743CA1C1D86DA9B0089613B /* Foundation.framework */ = {isa = PBXFileReference; lastKnownFileType = wrapper.framework; name = Foundation.framework; path = System/Library/Frameworks/Foundation.framework; sourceTree = SDKROOT; };
		2769728B1CAFCEE8007A2F7C /* post_install.sh */ = {isa = PBXFileReference; fileEncoding = 4; lastKnownFileType = text.script.sh; name = post_install.sh; path = BGMXPCHelper/post_install.sh; sourceTree = SOURCE_ROOT; };
		2769728D1CAFCEFD007A2F7C /* com.bearisdriving.BGM.XPCHelper.plist.template */ = {isa = PBXFileReference; fileEncoding = 4; lastKnownFileType = text.xml; name = com.bearisdriving.BGM.XPCHelper.plist.template; path = BGMXPCHelper/com.bearisdriving.BGM.XPCHelper.plist.template; sourceTree = SOURCE_ROOT; };
		276972901CB16008007A2F7C /* safe_install_dir.sh */ = {isa = PBXFileReference; fileEncoding = 4; lastKnownFileType = text.script.sh; name = safe_install_dir.sh; path = BGMXPCHelper/safe_install_dir.sh; sourceTree = SOURCE_ROOT; };
		2771700F1CA0C83B00AB34B4 /* BGM_Utils.h */ = {isa = PBXFileReference; fileEncoding = 4; lastKnownFileType = sourcecode.c.h; name = BGM_Utils.h; path = ../SharedSource/BGM_Utils.h; sourceTree = "<group>"; };
		277170141CA24D7C00AB34B4 /* BGMXPCListenerDelegate.h */ = {isa = PBXFileReference; fileEncoding = 4; lastKnownFileType = sourcecode.c.h; name = BGMXPCListenerDelegate.h; path = BGMXPCHelper/BGMXPCListenerDelegate.h; sourceTree = SOURCE_ROOT; };
		277170151CA24D7C00AB34B4 /* BGMXPCListenerDelegate.m */ = {isa = PBXFileReference; fileEncoding = 4; lastKnownFileType = sourcecode.c.objc; name = BGMXPCListenerDelegate.m; path = BGMXPCHelper/BGMXPCListenerDelegate.m; sourceTree = SOURCE_ROOT; };
		278D71F11CABB6FF00899CF9 /* BGMXPCHelperTests.xctest */ = {isa = PBXFileReference; explicitFileType = wrapper.cfbundle; includeInIndex = 0; path = BGMXPCHelperTests.xctest; sourceTree = BUILT_PRODUCTS_DIR; };
		278D71F51CABBC3B00899CF9 /* BGMXPCHelperTests-Info.plist */ = {isa = PBXFileReference; fileEncoding = 4; lastKnownFileType = text.plist.xml; path = "BGMXPCHelperTests-Info.plist"; sourceTree = "<group>"; };
		2795970D1C91589B00A002FB /* CoreFoundation.framework */ = {isa = PBXFileReference; lastKnownFileType = wrapper.framework; name = CoreFoundation.framework; path = System/Library/Frameworks/CoreFoundation.framework; sourceTree = SDKROOT; };
		2795973A1C982E4E00A002FB /* BGMXPCListener.mm */ = {isa = PBXFileReference; fileEncoding = 4; lastKnownFileType = sourcecode.cpp.objcpp; path = BGMXPCListener.mm; sourceTree = "<group>"; };
		2795973C1C982E8C00A002FB /* BGMXPCListener.h */ = {isa = PBXFileReference; fileEncoding = 4; lastKnownFileType = sourcecode.c.h; path = BGMXPCListener.h; sourceTree = "<group>"; };
		279597401C996E2000A002FB /* BGMXPCHelperTests.m */ = {isa = PBXFileReference; fileEncoding = 4; lastKnownFileType = sourcecode.c.objc; path = BGMXPCHelperTests.m; sourceTree = "<group>"; };
		27C457E41CF2BC2600A6C9A6 /* BGMAutoPauseMenuItem.h */ = {isa = PBXFileReference; fileEncoding = 4; lastKnownFileType = sourcecode.c.h; path = BGMAutoPauseMenuItem.h; sourceTree = "<group>"; };
		27C457E51CF2BC2600A6C9A6 /* BGMAutoPauseMenuItem.m */ = {isa = PBXFileReference; fileEncoding = 4; lastKnownFileType = sourcecode.c.objc; path = BGMAutoPauseMenuItem.m; sourceTree = "<group>"; };
		27D643B41C9FABBD00737F6E /* BGM_Types.h */ = {isa = PBXFileReference; fileEncoding = 4; lastKnownFileType = sourcecode.c.h; name = BGM_Types.h; path = ../SharedSource/BGM_Types.h; sourceTree = "<group>"; };
		27D643B51C9FABBD00737F6E /* BGMXPCProtocols.h */ = {isa = PBXFileReference; fileEncoding = 4; lastKnownFileType = sourcecode.c.h; name = BGMXPCProtocols.h; path = ../SharedSource/BGMXPCProtocols.h; sourceTree = "<group>"; };
		27D643B91C9FB84C00737F6E /* BGMXPCHelperService.h */ = {isa = PBXFileReference; fileEncoding = 4; lastKnownFileType = sourcecode.c.h; name = BGMXPCHelperService.h; path = BGMXPCHelper/BGMXPCHelperService.h; sourceTree = SOURCE_ROOT; };
		27D643BA1C9FB84C00737F6E /* BGMXPCHelperService.m */ = {isa = PBXFileReference; fileEncoding = 4; lastKnownFileType = sourcecode.c.objc; name = BGMXPCHelperService.m; path = BGMXPCHelper/BGMXPCHelperService.m; sourceTree = SOURCE_ROOT; };
		27D643BB1C9FB84C00737F6E /* Info.plist */ = {isa = PBXFileReference; fileEncoding = 4; lastKnownFileType = text.plist.xml; name = Info.plist; path = BGMXPCHelper/Info.plist; sourceTree = SOURCE_ROOT; };
		27D643BC1C9FB84C00737F6E /* main.m */ = {isa = PBXFileReference; fileEncoding = 4; lastKnownFileType = sourcecode.c.objc; name = main.m; path = BGMXPCHelper/main.m; sourceTree = SOURCE_ROOT; };
		27D643C41C9FBE5600737F6E /* BGM_TestUtils.h */ = {isa = PBXFileReference; fileEncoding = 4; lastKnownFileType = sourcecode.c.h; name = BGM_TestUtils.h; path = ../SharedSource/BGM_TestUtils.h; sourceTree = "<group>"; };
		27F7D48E1D2483B100821C4B /* BGMDecibel.h */ = {isa = PBXFileReference; fileEncoding = 4; lastKnownFileType = sourcecode.c.h; name = BGMDecibel.h; path = "Music Players/BGMDecibel.h"; sourceTree = "<group>"; };
		27F7D48F1D2483B100821C4B /* BGMDecibel.m */ = {isa = PBXFileReference; fileEncoding = 4; lastKnownFileType = sourcecode.c.objc; name = BGMDecibel.m; path = "Music Players/BGMDecibel.m"; sourceTree = "<group>"; };
		27F7D4911D2484A300821C4B /* Decibel.h */ = {isa = PBXFileReference; fileEncoding = 4; lastKnownFileType = sourcecode.c.h; name = Decibel.h; path = "Music Players/Decibel.h"; sourceTree = "<group>"; };
/* End PBXFileReference section */

/* Begin PBXFrameworksBuildPhase section */
		1CB8B3331BBA75EF000E2DD1 /* Frameworks */ = {
			isa = PBXFrameworksBuildPhase;
			buildActionMask = 2147483647;
			files = (
				1CD1FD301BDDEAF2004F7E1B /* AudioToolbox.framework in Frameworks */,
				1C1963031BCAC160008A4DF7 /* CoreAudio.framework in Frameworks */,
			);
			runOnlyForDeploymentPostprocessing = 0;
		};
		1CB8B3461BBA75F0000E2DD1 /* Frameworks */ = {
			isa = PBXFrameworksBuildPhase;
			buildActionMask = 2147483647;
			files = (
			);
			runOnlyForDeploymentPostprocessing = 0;
		};
		27379B8C1C7F57DA0084A24C /* Frameworks */ = {
			isa = PBXFrameworksBuildPhase;
			buildActionMask = 2147483647;
			files = (
			);
			runOnlyForDeploymentPostprocessing = 0;
		};
		2743C9F31D86CFF90089613B /* Frameworks */ = {
			isa = PBXFrameworksBuildPhase;
			buildActionMask = 2147483647;
			files = (
				2743CA231D86DEA70089613B /* AudioToolbox.framework in Frameworks */,
				2743CA221D86DE960089613B /* CoreAudio.framework in Frameworks */,
				2743CA1D1D86DA9B0089613B /* Foundation.framework in Frameworks */,
			);
			runOnlyForDeploymentPostprocessing = 0;
		};
		278D71EB1CABB6FF00899CF9 /* Frameworks */ = {
			isa = PBXFrameworksBuildPhase;
			buildActionMask = 2147483647;
			files = (
			);
			runOnlyForDeploymentPostprocessing = 0;
		};
/* End PBXFrameworksBuildPhase section */

/* Begin PBXGroup section */
		1C0BD0A21BF1A827004F4CF5 /* Preferences Menu */ = {
			isa = PBXGroup;
			children = (
				1C0BD0A61BF1B029004F4CF5 /* BGMPreferencesMenu.h */,
				1C0BD0A71BF1B029004F4CF5 /* BGMPreferencesMenu.mm */,
				1C0BD0A31BF1A8E6004F4CF5 /* BGMAutoPauseMusicPrefs.h */,
				1C0BD0A41BF1A8E6004F4CF5 /* BGMAutoPauseMusicPrefs.mm */,
				1CE7064A1BF1EC0600BFC06D /* BGMOutputDevicePrefs.h */,
				1CE7064B1BF1EC0600BFC06D /* BGMOutputDevicePrefs.mm */,
			);
			name = "Preferences Menu";
			sourceTree = "<group>";
		};
		1C1962E11BC94DDF008A4DF7 /* PublicUtility */ = {
			isa = PBXGroup;
			children = (
				1C1962E81BC95301008A4DF7 /* CAAtomic.h */,
				1C1962E91BC95301008A4DF7 /* CAAutoDisposer.h */,
				1C1962EA1BC95301008A4DF7 /* CABitOperations.h */,
				1CC1DF7D1BE5068A00FB8FE4 /* CACFArray.cpp */,
				1CC1DF7E1BE5068A00FB8FE4 /* CACFArray.h */,
				1CC1DF7F1BE5068A00FB8FE4 /* CACFDictionary.cpp */,
				1CC1DF801BE5068A00FB8FE4 /* CACFDictionary.h */,
				271677B81C6CBDFA0080B0A2 /* CACFNumber.cpp */,
				271677B91C6CBDFA0080B0A2 /* CACFNumber.h */,
				1C1962FF1BCAC0F6008A4DF7 /* CACFString.cpp */,
				1C1963001BCAC0F6008A4DF7 /* CACFString.h */,
				1CC1DF8F1BE5891300FB8FE4 /* CADebugger.cpp */,
				1CC1DF901BE5891300FB8FE4 /* CADebugger.h */,
				1C1962F71BCAC061008A4DF7 /* CADebugMacros.cpp */,
				1C1962F81BCAC061008A4DF7 /* CADebugMacros.h */,
				1C1962FB1BCAC0C3008A4DF7 /* CADebugPrintf.cpp */,
				1C1962FC1BCAC0C3008A4DF7 /* CADebugPrintf.h */,
				1C1962FE1BCAC0DB008A4DF7 /* CAException.h */,
				1C1962EB1BCABFC5008A4DF7 /* CAHALAudioDevice.cpp */,
				1C1962EC1BCABFC5008A4DF7 /* CAHALAudioDevice.h */,
				1C1962ED1BCABFC5008A4DF7 /* CAHALAudioObject.cpp */,
				1C1962EE1BCABFC5008A4DF7 /* CAHALAudioObject.h */,
				1C1962EF1BCABFC5008A4DF7 /* CAHALAudioStream.cpp */,
				1C1962F01BCABFC5008A4DF7 /* CAHALAudioStream.h */,
				1C1962F11BCABFC5008A4DF7 /* CAHALAudioSystemObject.cpp */,
				1C1962F21BCABFC5008A4DF7 /* CAHALAudioSystemObject.h */,
				1C1963071BCAF677008A4DF7 /* CAHostTimeBase.cpp */,
				1C1963081BCAF677008A4DF7 /* CAHostTimeBase.h */,
				1C1963041BCAF468008A4DF7 /* CAMutex.cpp */,
				1C1963051BCAF468008A4DF7 /* CAMutex.h */,
				1C1962F91BCAC061008A4DF7 /* CAPropertyAddress.h */,
				1C8034C21BDAFD5700668E00 /* CAPThread.cpp */,
				1C8034C31BDAFD5700668E00 /* CAPThread.h */,
				1C1962E21BC94E15008A4DF7 /* CARingBuffer.cpp */,
				1C1962E31BC94E15008A4DF7 /* CARingBuffer.h */,
			);
			name = PublicUtility;
			sourceTree = "<group>";
		};
		1C4699401BD5BA1700F78043 /* SharedSource */ = {
			isa = PBXGroup;
			children = (
				27D643B41C9FABBD00737F6E /* BGM_Types.h */,
				2771700F1CA0C83B00AB34B4 /* BGM_Utils.h */,
				27D643C41C9FBE5600737F6E /* BGM_TestUtils.h */,
				27D643B51C9FABBD00737F6E /* BGMXPCProtocols.h */,
			);
			name = SharedSource;
			sourceTree = "<group>";
		};
		1C4699451BD5BF2E00F78043 /* Music Players */ = {
			isa = PBXGroup;
			children = (
				2743C9E71D852B350089613B /* BGMMusicPlayers.h */,
				2743C9E81D852B350089613B /* BGMMusicPlayers.mm */,
				2743C9E91D852B350089613B /* BGMScriptingBridge.h */,
				2743C9EA1D852B350089613B /* BGMScriptingBridge.m */,
				1C2336DC1BEAB73F004C1C4E /* BGMMusicPlayer.h */,
				1C2336D91BEAB6E7004C1C4E /* BGMMusicPlayer.m */,
				27F7D48E1D2483B100821C4B /* BGMDecibel.h */,
				27F7D48F1D2483B100821C4B /* BGMDecibel.m */,
				1C2336DB1BEAB73F004C1C4E /* BGMiTunes.h */,
				1C4699461BD5C0E400F78043 /* BGMiTunes.m */,
				1C2336DD1BEAE10C004C1C4E /* BGMSpotify.h */,
				1C2336DE1BEAE10C004C1C4E /* BGMSpotify.m */,
				27379B881C7C562D0084A24C /* BGMVLC.h */,
				27379B891C7C562D0084A24C /* BGMVLC.m */,
				273F10DD1CC3D0B900C1C6DA /* BGMVOX.h */,
				273F10DE1CC3D0B900C1C6DA /* BGMVOX.m */,
				27379B841C7C53BE0084A24C /* Supporting Files */,
			);
			name = "Music Players";
			sourceTree = "<group>";
		};
		1CB8B32D1BBA75EF000E2DD1 = {
			isa = PBXGroup;
			children = (
				1CB8B3381BBA75EF000E2DD1 /* BGMApp */,
				27379B901C7F57DB0084A24C /* BGMXPCHelper */,
				1CB8B34C1BBA75F0000E2DD1 /* Tests */,
				1C4699401BD5BA1700F78043 /* SharedSource */,
				1C1962E11BC94DDF008A4DF7 /* PublicUtility */,
				1CB8B3371BBA75EF000E2DD1 /* Products */,
				1CF69BA31BCFF59C009B5D1F /* OptimizationProfiles */,
				2743CA1B1D86DA9B0089613B /* Frameworks */,
			);
			sourceTree = "<group>";
		};
		1CB8B3371BBA75EF000E2DD1 /* Products */ = {
			isa = PBXGroup;
			children = (
				1CB8B3361BBA75EF000E2DD1 /* Background Music.app */,
				1CB8B3491BBA75F0000E2DD1 /* BGMAppTests.xctest */,
				27379B8F1C7F57DA0084A24C /* BGMXPCHelper.xpc */,
				278D71F11CABB6FF00899CF9 /* BGMXPCHelperTests.xctest */,
				2743C9F61D86CFF90089613B /* BGMAppUnitTests.xctest */,
			);
			name = Products;
			sourceTree = "<group>";
		};
		1CB8B3381BBA75EF000E2DD1 /* BGMApp */ = {
			isa = PBXGroup;
			children = (
				1CB8B33B1BBA75EF000E2DD1 /* AppDelegate.h */,
				1CB8B33C1BBA75EF000E2DD1 /* AppDelegate.mm */,
				1C3DB48A1BE0888500EC8160 /* BGMAppVolumes.h */,
				1C3DB4881BE0885A00EC8160 /* BGMAppVolumes.mm */,
				1CED616A1C316E1A002CAFCF /* BGMAudioDeviceManager.h */,
				1CED616B1C316E1A002CAFCF /* BGMAudioDeviceManager.mm */,
				27C457E41CF2BC2600A6C9A6 /* BGMAutoPauseMenuItem.h */,
				27C457E51CF2BC2600A6C9A6 /* BGMAutoPauseMenuItem.m */,
				1C1465B91BCC49D1003AEFE6 /* BGMAutoPauseMusic.h */,
				1C1465B71BCC3A73003AEFE6 /* BGMAutoPauseMusic.mm */,
				1C4699451BD5BF2E00F78043 /* Music Players */,
				1C0BD0A21BF1A827004F4CF5 /* Preferences Menu */,
				1C46994D1BD7694C00F78043 /* BGMDeviceControlSync.h */,
				1C46994C1BD7694C00F78043 /* BGMDeviceControlSync.cpp */,
				1C1962E61BC94E91008A4DF7 /* BGMPlayThrough.h */,
				1C1962E51BC94E91008A4DF7 /* BGMPlayThrough.cpp */,
				2743C9ED1D8538700089613B /* BGMUserDefaults.h */,
				2743C9F01D853FBB0089613B /* BGMUserDefaults.m */,
				2795973C1C982E8C00A002FB /* BGMXPCListener.h */,
				2795973A1C982E4E00A002FB /* BGMXPCListener.mm */,
				1CB8B3421BBA75EF000E2DD1 /* MainMenu.xib */,
				1CB8B3391BBA75EF000E2DD1 /* Supporting Files */,
			);
			path = BGMApp;
			sourceTree = "<group>";
		};
		1CB8B3391BBA75EF000E2DD1 /* Supporting Files */ = {
			isa = PBXGroup;
			children = (
				1CED61681C3081C2002CAFCF /* LICENSE */,
				1CC1DF951BE8607700FB8FE4 /* Images.xcassets */,
				1CB8B33A1BBA75EF000E2DD1 /* Info.plist */,
				1CB8B33E1BBA75EF000E2DD1 /* main.m */,
			);
			name = "Supporting Files";
			sourceTree = "<group>";
		};
		1CB8B34C1BBA75F0000E2DD1 /* Tests */ = {
			isa = PBXGroup;
			children = (
				1CB8B34F1BBA75F0000E2DD1 /* BGMAppTests.m */,
				279597401C996E2000A002FB /* BGMXPCHelperTests.m */,
				2743C9F71D86CFFA0089613B /* UnitTests */,
				1CB8B34D1BBA75F0000E2DD1 /* Supporting Files */,
			);
			name = Tests;
			path = BGMAppTests;
			sourceTree = "<group>";
		};
		1CB8B34D1BBA75F0000E2DD1 /* Supporting Files */ = {
			isa = PBXGroup;
			children = (
				1CB8B34E1BBA75F0000E2DD1 /* BGMAppTests-Info.plist */,
				2743C9FA1D86CFFA0089613B /* BGMAppUnitTests-Info.plist */,
				278D71F51CABBC3B00899CF9 /* BGMXPCHelperTests-Info.plist */,
			);
			name = "Supporting Files";
			sourceTree = "<group>";
		};
		1CF69BA31BCFF59C009B5D1F /* OptimizationProfiles */ = {
			isa = PBXGroup;
			children = (
				1CF69BA41BCFF59C009B5D1F /* BGMApp.profdata */,
			);
			path = OptimizationProfiles;
			sourceTree = "<group>";
		};
		27379B841C7C53BE0084A24C /* Supporting Files */ = {
			isa = PBXGroup;
			children = (
				27F7D4911D2484A300821C4B /* Decibel.h */,
				27379B851C7C54870084A24C /* iTunes.h */,
				27379B861C7C54870084A24C /* Spotify.h */,
				27379B871C7C552A0084A24C /* VLC.h */,
				273F10DC1CC3CF9C00C1C6DA /* VOX.h */,
			);
			name = "Supporting Files";
			sourceTree = "<group>";
		};
		27379B901C7F57DB0084A24C /* BGMXPCHelper */ = {
			isa = PBXGroup;
			children = (
				27D643B91C9FB84C00737F6E /* BGMXPCHelperService.h */,
				27D643BA1C9FB84C00737F6E /* BGMXPCHelperService.m */,
				277170141CA24D7C00AB34B4 /* BGMXPCListenerDelegate.h */,
				277170151CA24D7C00AB34B4 /* BGMXPCListenerDelegate.m */,
				27D643BC1C9FB84C00737F6E /* main.m */,
				2769728A1CAFCEA9007A2F7C /* Supporting Files */,
			);
			name = BGMXPCHelper;
			path = BGMService;
			sourceTree = "<group>";
		};
		2743C9F71D86CFFA0089613B /* UnitTests */ = {
			isa = PBXGroup;
			children = (
				2743C9F81D86CFFA0089613B /* BGMMusicPlayersUnitTests.mm */,
				2743CA0B1D86D6420089613B /* Mock_CAHALAudioObject.cpp */,
			);
			name = UnitTests;
			path = ../AppUnitTests;
			sourceTree = "<group>";
		};
		2743CA1B1D86DA9B0089613B /* Frameworks */ = {
			isa = PBXGroup;
			children = (
				1CD1FD2F1BDDEAF2004F7E1B /* AudioToolbox.framework */,
				1C1963021BCAC160008A4DF7 /* CoreAudio.framework */,
				2795970D1C91589B00A002FB /* CoreFoundation.framework */,
				2743CA1C1D86DA9B0089613B /* Foundation.framework */,
			);
			name = Frameworks;
			sourceTree = "<group>";
		};
		2769728A1CAFCEA9007A2F7C /* Supporting Files */ = {
			isa = PBXGroup;
			children = (
				2769728D1CAFCEFD007A2F7C /* com.bearisdriving.BGM.XPCHelper.plist.template */,
				2769728B1CAFCEE8007A2F7C /* post_install.sh */,
				276972901CB16008007A2F7C /* safe_install_dir.sh */,
				27D643BB1C9FB84C00737F6E /* Info.plist */,
			);
			name = "Supporting Files";
			sourceTree = "<group>";
		};
/* End PBXGroup section */

/* Begin PBXNativeTarget section */
		1CB8B3351BBA75EF000E2DD1 /* Background Music */ = {
			isa = PBXNativeTarget;
			buildConfigurationList = 1CB8B3531BBA75F0000E2DD1 /* Build configuration list for PBXNativeTarget "Background Music" */;
			buildPhases = (
				1CB8B3321BBA75EF000E2DD1 /* Sources */,
				1CB8B3331BBA75EF000E2DD1 /* Frameworks */,
				1CB8B3341BBA75EF000E2DD1 /* Resources */,
			);
			buildRules = (
			);
			dependencies = (
			);
			name = "Background Music";
			productName = BGMApp;
			productReference = 1CB8B3361BBA75EF000E2DD1 /* Background Music.app */;
			productType = "com.apple.product-type.application";
		};
		1CB8B3481BBA75F0000E2DD1 /* BGMAppTests */ = {
			isa = PBXNativeTarget;
			buildConfigurationList = 1CB8B3561BBA75F0000E2DD1 /* Build configuration list for PBXNativeTarget "BGMAppTests" */;
			buildPhases = (
				1CB8B3451BBA75F0000E2DD1 /* Sources */,
				1CB8B3461BBA75F0000E2DD1 /* Frameworks */,
				1CB8B3471BBA75F0000E2DD1 /* Resources */,
			);
			buildRules = (
			);
			dependencies = (
				1CB8B34B1BBA75F0000E2DD1 /* PBXTargetDependency */,
			);
			name = BGMAppTests;
			productName = BGMAppTests;
			productReference = 1CB8B3491BBA75F0000E2DD1 /* BGMAppTests.xctest */;
			productType = "com.apple.product-type.bundle.unit-test";
		};
		27379B8E1C7F57DA0084A24C /* BGMXPCHelper */ = {
			isa = PBXNativeTarget;
			buildConfigurationList = 27379B981C7F57DB0084A24C /* Build configuration list for PBXNativeTarget "BGMXPCHelper" */;
			buildPhases = (
				27379B8B1C7F57DA0084A24C /* Sources */,
				27379B8C1C7F57DA0084A24C /* Frameworks */,
				27379B8D1C7F57DA0084A24C /* Resources */,
				276972891CAFCE91007A2F7C /* ShellScript */,
			);
			buildRules = (
			);
			dependencies = (
			);
			name = BGMXPCHelper;
			productName = BGMService;
			productReference = 27379B8F1C7F57DA0084A24C /* BGMXPCHelper.xpc */;
			productType = "com.apple.product-type.xpc-service";
		};
		2743C9F51D86CFF90089613B /* BGMAppUnitTests */ = {
			isa = PBXNativeTarget;
			buildConfigurationList = 2743C9FD1D86CFFA0089613B /* Build configuration list for PBXNativeTarget "BGMAppUnitTests" */;
			buildPhases = (
				2743C9F21D86CFF90089613B /* Sources */,
				2743C9F31D86CFF90089613B /* Frameworks */,
				2743C9F41D86CFF90089613B /* Resources */,
			);
			buildRules = (
			);
			dependencies = (
			);
			name = BGMAppUnitTests;
			productName = AppUnitTests;
			productReference = 2743C9F61D86CFF90089613B /* BGMAppUnitTests.xctest */;
			productType = "com.apple.product-type.bundle.unit-test";
		};
		278D71E51CABB6FF00899CF9 /* BGMXPCHelperTests */ = {
			isa = PBXNativeTarget;
			buildConfigurationList = 278D71ED1CABB6FF00899CF9 /* Build configuration list for PBXNativeTarget "BGMXPCHelperTests" */;
			buildPhases = (
				278D71E81CABB6FF00899CF9 /* Sources */,
				278D71EB1CABB6FF00899CF9 /* Frameworks */,
				278D71EC1CABB6FF00899CF9 /* Resources */,
			);
			buildRules = (
			);
			dependencies = (
				278D71F41CABB88B00899CF9 /* PBXTargetDependency */,
			);
			name = BGMXPCHelperTests;
			productName = BGMAppTests;
			productReference = 278D71F11CABB6FF00899CF9 /* BGMXPCHelperTests.xctest */;
			productType = "com.apple.product-type.bundle.unit-test";
		};
/* End PBXNativeTarget section */

/* Begin PBXProject section */
		1CB8B32E1BBA75EF000E2DD1 /* Project object */ = {
			isa = PBXProject;
			attributes = {
				CLASSPREFIX = BGM;
				LastUpgradeCheck = 0700;
				ORGANIZATIONNAME = "Kyle Neideck";
				TargetAttributes = {
					1CB8B3351BBA75EF000E2DD1 = {
						CreatedOnToolsVersion = 6.4;
						SystemCapabilities = {
							com.apple.Sandbox = {
								enabled = 0;
							};
						};
					};
					1CB8B3481BBA75F0000E2DD1 = {
						CreatedOnToolsVersion = 6.4;
						TestTargetID = 1CB8B3351BBA75EF000E2DD1;
					};
					27379B8E1C7F57DA0084A24C = {
						CreatedOnToolsVersion = 7.2.1;
						DevelopmentTeam = PR7PXC66S5;
					};
					2743C9F51D86CFF90089613B = {
						CreatedOnToolsVersion = 8.0;
						ProvisioningStyle = Automatic;
					};
				};
			};
			buildConfigurationList = 1CB8B3311BBA75EF000E2DD1 /* Build configuration list for PBXProject "BGMApp" */;
			compatibilityVersion = "Xcode 3.2";
			developmentRegion = English;
			hasScannedForEncodings = 0;
			knownRegions = (
				en,
				Base,
			);
			mainGroup = 1CB8B32D1BBA75EF000E2DD1;
			productRefGroup = 1CB8B3371BBA75EF000E2DD1 /* Products */;
			projectDirPath = "";
			projectRoot = "";
			targets = (
				1CB8B3351BBA75EF000E2DD1 /* Background Music */,
				1CB8B3481BBA75F0000E2DD1 /* BGMAppTests */,
				2743C9F51D86CFF90089613B /* BGMAppUnitTests */,
				27379B8E1C7F57DA0084A24C /* BGMXPCHelper */,
				278D71E51CABB6FF00899CF9 /* BGMXPCHelperTests */,
			);
		};
/* End PBXProject section */

/* Begin PBXResourcesBuildPhase section */
		1CB8B3341BBA75EF000E2DD1 /* Resources */ = {
			isa = PBXResourcesBuildPhase;
			buildActionMask = 2147483647;
			files = (
				2769728C1CAFCEE8007A2F7C /* post_install.sh in Resources */,
				2769728E1CAFCEFD007A2F7C /* com.bearisdriving.BGM.XPCHelper.plist.template in Resources */,
				27D643BE1C9FB84C00737F6E /* Info.plist in Resources */,
				1CED61691C3081C2002CAFCF /* LICENSE in Resources */,
				278D71F61CABBC3B00899CF9 /* BGMXPCHelperTests-Info.plist in Resources */,
				1CC1DF961BE8607700FB8FE4 /* Images.xcassets in Resources */,
				1C1108AE1C444F01003F625E /* MainMenu.xib in Resources */,
				276972911CB16008007A2F7C /* safe_install_dir.sh in Resources */,
			);
			runOnlyForDeploymentPostprocessing = 0;
		};
		1CB8B3471BBA75F0000E2DD1 /* Resources */ = {
			isa = PBXResourcesBuildPhase;
			buildActionMask = 2147483647;
			files = (
			);
			runOnlyForDeploymentPostprocessing = 0;
		};
		27379B8D1C7F57DA0084A24C /* Resources */ = {
			isa = PBXResourcesBuildPhase;
			buildActionMask = 2147483647;
			files = (
				276972921CB1603E007A2F7C /* safe_install_dir.sh in Resources */,
				2769728F1CAFF22C007A2F7C /* com.bearisdriving.BGM.XPCHelper.plist.template in Resources */,
			);
			runOnlyForDeploymentPostprocessing = 0;
		};
		2743C9F41D86CFF90089613B /* Resources */ = {
			isa = PBXResourcesBuildPhase;
			buildActionMask = 2147483647;
			files = (
			);
			runOnlyForDeploymentPostprocessing = 0;
		};
		278D71EC1CABB6FF00899CF9 /* Resources */ = {
			isa = PBXResourcesBuildPhase;
			buildActionMask = 2147483647;
			files = (
			);
			runOnlyForDeploymentPostprocessing = 0;
		};
/* End PBXResourcesBuildPhase section */

/* Begin PBXShellScriptBuildPhase section */
		276972891CAFCE91007A2F7C /* ShellScript */ = {
			isa = PBXShellScriptBuildPhase;
			buildActionMask = 8;
			files = (
			);
			inputPaths = (
			);
			outputPaths = (
			);
			runOnlyForDeploymentPostprocessing = 1;
			shellPath = /bin/bash;
			shellScript = "/bin/bash $SRCROOT/BGMXPCHelper/post_install.sh";
		};
/* End PBXShellScriptBuildPhase section */

/* Begin PBXSourcesBuildPhase section */
		1CB8B3321BBA75EF000E2DD1 /* Sources */ = {
			isa = PBXSourcesBuildPhase;
			buildActionMask = 2147483647;
			files = (
				1C4699471BD5C0E400F78043 /* BGMiTunes.m in Sources */,
				1C1962E41BC94E15008A4DF7 /* CARingBuffer.cpp in Sources */,
				273F10DF1CC3D0B900C1C6DA /* BGMVOX.m in Sources */,
				1CC1DF811BE5068A00FB8FE4 /* CACFArray.cpp in Sources */,
				1C0BD0A81BF1B029004F4CF5 /* BGMPreferencesMenu.mm in Sources */,
				1C1962F41BCABFC5008A4DF7 /* CAHALAudioObject.cpp in Sources */,
				27F7D4901D2483B100821C4B /* BGMDecibel.m in Sources */,
				1C2336DA1BEAB6E7004C1C4E /* BGMMusicPlayer.m in Sources */,
				1C1962F61BCABFC5008A4DF7 /* CAHALAudioSystemObject.cpp in Sources */,
				1CC1DF821BE5068A00FB8FE4 /* CACFDictionary.cpp in Sources */,
				1C3DB4891BE0885A00EC8160 /* BGMAppVolumes.mm in Sources */,
				1C0BD0A51BF1A8E6004F4CF5 /* BGMAutoPauseMusicPrefs.mm in Sources */,
				1C1963061BCAF468008A4DF7 /* CAMutex.cpp in Sources */,
				1CE7064C1BF1EC0600BFC06D /* BGMOutputDevicePrefs.mm in Sources */,
				1C1962F51BCABFC5008A4DF7 /* CAHALAudioStream.cpp in Sources */,
				1C46994E1BD7694C00F78043 /* BGMDeviceControlSync.cpp in Sources */,
				2743C9EB1D852B360089613B /* BGMMusicPlayers.mm in Sources */,
				1C1963091BCAF677008A4DF7 /* CAHostTimeBase.cpp in Sources */,
				1CB8B33F1BBA75EF000E2DD1 /* main.m in Sources */,
				1CB8B33D1BBA75EF000E2DD1 /* AppDelegate.mm in Sources */,
				271677BA1C6CBDFA0080B0A2 /* CACFNumber.cpp in Sources */,
				27379B8A1C7C562D0084A24C /* BGMVLC.m in Sources */,
				1C2336DF1BEAE10C004C1C4E /* BGMSpotify.m in Sources */,
				1CED616C1C316E1A002CAFCF /* BGMAudioDeviceManager.mm in Sources */,
				2743C9F11D853FBB0089613B /* BGMUserDefaults.m in Sources */,
				1C1962FD1BCAC0C3008A4DF7 /* CADebugPrintf.cpp in Sources */,
				2743C9EC1D852B360089613B /* BGMScriptingBridge.m in Sources */,
				1C1963011BCAC0F6008A4DF7 /* CACFString.cpp in Sources */,
				1C1962E71BC94E91008A4DF7 /* BGMPlayThrough.cpp in Sources */,
				1C1962FA1BCAC061008A4DF7 /* CADebugMacros.cpp in Sources */,
				1C1962F31BCABFC5008A4DF7 /* CAHALAudioDevice.cpp in Sources */,
				1CC1DF911BE5891300FB8FE4 /* CADebugger.cpp in Sources */,
				2795973B1C982E4E00A002FB /* BGMXPCListener.mm in Sources */,
				27C457E61CF2BC2600A6C9A6 /* BGMAutoPauseMenuItem.m in Sources */,
				1C1465B81BCC3A73003AEFE6 /* BGMAutoPauseMusic.mm in Sources */,
			);
			runOnlyForDeploymentPostprocessing = 0;
		};
		1CB8B3451BBA75F0000E2DD1 /* Sources */ = {
			isa = PBXSourcesBuildPhase;
			buildActionMask = 2147483647;
			files = (
				1CB8B3501BBA75F0000E2DD1 /* BGMAppTests.m in Sources */,
			);
			runOnlyForDeploymentPostprocessing = 0;
		};
		27379B8B1C7F57DA0084A24C /* Sources */ = {
			isa = PBXSourcesBuildPhase;
			buildActionMask = 2147483647;
			files = (
				27D643C01C9FB99200737F6E /* BGMXPCHelperService.m in Sources */,
				27D643C11C9FB99200737F6E /* main.m in Sources */,
				277170161CA24D7C00AB34B4 /* BGMXPCListenerDelegate.m in Sources */,
			);
			runOnlyForDeploymentPostprocessing = 0;
		};
		2743C9F21D86CFF90089613B /* Sources */ = {
			isa = PBXSourcesBuildPhase;
			buildActionMask = 2147483647;
			files = (
				2743CA1E1D86DE1C0089613B /* Mock_CAHALAudioObject.cpp in Sources */,
				2743CA211D86DE780089613B /* BGMDeviceControlSync.cpp in Sources */,
				2743CA201D86DE5E0089613B /* BGMPlayThrough.cpp in Sources */,
				2743CA1F1D86DE1C0089613B /* CAHALAudioDevice.cpp in Sources */,
				2743CA0C1D86D7FA0089613B /* CACFArray.cpp in Sources */,
				2743CA0D1D86D7FA0089613B /* CACFDictionary.cpp in Sources */,
				2743CA0E1D86D7FA0089613B /* CACFNumber.cpp in Sources */,
				2743CA0F1D86D7FA0089613B /* CACFString.cpp in Sources */,
				2743CA101D86D7FA0089613B /* CADebugger.cpp in Sources */,
				2743CA111D86D7FA0089613B /* CADebugMacros.cpp in Sources */,
				2743CA121D86D7FA0089613B /* CADebugPrintf.cpp in Sources */,
				2743CA141D86D7FA0089613B /* CAHALAudioStream.cpp in Sources */,
				2743CA151D86D7FA0089613B /* CAHALAudioSystemObject.cpp in Sources */,
				2743CA161D86D7FA0089613B /* CAHostTimeBase.cpp in Sources */,
				2743CA171D86D7FA0089613B /* CAMutex.cpp in Sources */,
				2743CA181D86D7FA0089613B /* CAPThread.cpp in Sources */,
				2743CA191D86D7FA0089613B /* CARingBuffer.cpp in Sources */,
				2743CA0A1D86D52D0089613B /* BGMAudioDeviceManager.mm in Sources */,
				2743CA031D86D41C0089613B /* BGMScriptingBridge.m in Sources */,
				2743CA041D86D41C0089613B /* BGMMusicPlayer.m in Sources */,
				2743CA051D86D41C0089613B /* BGMDecibel.m in Sources */,
				2743CA061D86D41C0089613B /* BGMSpotify.m in Sources */,
				2743CA071D86D41C0089613B /* BGMVLC.m in Sources */,
				2743CA081D86D41C0089613B /* BGMVOX.m in Sources */,
				2743CA091D86D41C0089613B /* BGMUserDefaults.m in Sources */,
				2743CA011D86D3CB0089613B /* BGMMusicPlayers.mm in Sources */,
				2743CA021D86D3CB0089613B /* BGMiTunes.m in Sources */,
				2743C9F91D86CFFA0089613B /* BGMMusicPlayersUnitTests.mm in Sources */,
			);
			runOnlyForDeploymentPostprocessing = 0;
		};
		278D71E81CABB6FF00899CF9 /* Sources */ = {
			isa = PBXSourcesBuildPhase;
			buildActionMask = 2147483647;
			files = (
				278D71E91CABB6FF00899CF9 /* BGMXPCHelperTests.m in Sources */,
			);
			runOnlyForDeploymentPostprocessing = 0;
		};
/* End PBXSourcesBuildPhase section */

/* Begin PBXTargetDependency section */
		1CB8B34B1BBA75F0000E2DD1 /* PBXTargetDependency */ = {
			isa = PBXTargetDependency;
			target = 1CB8B3351BBA75EF000E2DD1 /* Background Music */;
			targetProxy = 1CB8B34A1BBA75F0000E2DD1 /* PBXContainerItemProxy */;
		};
		278D71F41CABB88B00899CF9 /* PBXTargetDependency */ = {
			isa = PBXTargetDependency;
			target = 27379B8E1C7F57DA0084A24C /* BGMXPCHelper */;
			targetProxy = 278D71F31CABB88B00899CF9 /* PBXContainerItemProxy */;
		};
/* End PBXTargetDependency section */

/* Begin PBXVariantGroup section */
		1CB8B3421BBA75EF000E2DD1 /* MainMenu.xib */ = {
			isa = PBXVariantGroup;
			children = (
				1CB8B3431BBA75EF000E2DD1 /* Base */,
			);
			name = MainMenu.xib;
			sourceTree = "<group>";
		};
/* End PBXVariantGroup section */

/* Begin XCBuildConfiguration section */
		1C4603C51C05963C00150F9B /* DebugOpt */ = {
			isa = XCBuildConfiguration;
			buildSettings = {
				ALWAYS_SEARCH_USER_PATHS = NO;
				CLANG_ANALYZER_NONNULL = YES;
				CLANG_ANALYZER_SECURITY_FLOATLOOPCOUNTER = YES;
				CLANG_ANALYZER_SECURITY_INSECUREAPI_RAND = YES;
				CLANG_ANALYZER_SECURITY_INSECUREAPI_STRCPY = YES;
				CLANG_CXX_LANGUAGE_STANDARD = "c++0x";
				CLANG_CXX_LIBRARY = "libc++";
				CLANG_ENABLE_MODULES = YES;
				CLANG_ENABLE_OBJC_ARC = YES;
				CLANG_WARN_ASSIGN_ENUM = YES;
				CLANG_WARN_BOOL_CONVERSION = YES;
				CLANG_WARN_CONSTANT_CONVERSION = YES;
				CLANG_WARN_DEPRECATED_OBJC_IMPLEMENTATIONS = YES;
				CLANG_WARN_DIRECT_OBJC_ISA_USAGE = YES_ERROR;
				CLANG_WARN_EMPTY_BODY = YES;
				CLANG_WARN_ENUM_CONVERSION = YES;
				CLANG_WARN_IMPLICIT_SIGN_CONVERSION = NO;
				CLANG_WARN_INT_CONVERSION = YES;
				CLANG_WARN_NULLABLE_TO_NONNULL_CONVERSION = YES;
				CLANG_WARN_OBJC_IMPLICIT_RETAIN_SELF = NO;
				CLANG_WARN_OBJC_REPEATED_USE_OF_WEAK = YES;
				CLANG_WARN_OBJC_ROOT_CLASS = YES_ERROR;
				CLANG_WARN_SUSPICIOUS_IMPLICIT_CONVERSION = YES;
				CLANG_WARN_UNREACHABLE_CODE = YES;
				CLANG_WARN__DUPLICATE_METHOD_MATCH = YES;
				CLANG_WARN__EXIT_TIME_DESTRUCTORS = YES;
				COPY_PHASE_STRIP = NO;
				DEAD_CODE_STRIPPING = NO;
				DEBUG_INFORMATION_FORMAT = dwarf;
				ENABLE_NS_ASSERTIONS = YES;
				ENABLE_STRICT_OBJC_MSGSEND = YES;
				ENABLE_TESTABILITY = YES;
				GCC_C_LANGUAGE_STANDARD = c11;
				GCC_NO_COMMON_BLOCKS = YES;
				GCC_OPTIMIZATION_LEVEL = s;
				GCC_PREPROCESSOR_DEFINITIONS = (
					"DEBUG=1",
					"CoreAudio_Debug=1",
					"CoreAudio_UseSysLog=0",
					"CoreAudio_StopOnAssert=1",
					"CoreAudio_ThreadStampMessages=0",
				);
				GCC_TREAT_IMPLICIT_FUNCTION_DECLARATIONS_AS_ERRORS = YES;
				GCC_TREAT_WARNINGS_AS_ERRORS = YES;
				GCC_WARN_64_TO_32_BIT_CONVERSION = YES;
				GCC_WARN_ABOUT_MISSING_FIELD_INITIALIZERS = YES;
				GCC_WARN_ABOUT_MISSING_NEWLINE = YES;
				GCC_WARN_ABOUT_MISSING_PROTOTYPES = YES;
				GCC_WARN_ABOUT_RETURN_TYPE = YES_ERROR;
				GCC_WARN_INITIALIZER_NOT_FULLY_BRACKETED = YES;
				GCC_WARN_NON_VIRTUAL_DESTRUCTOR = YES;
				GCC_WARN_SHADOW = YES;
				GCC_WARN_STRICT_SELECTOR_MATCH = YES;
				GCC_WARN_UNDECLARED_SELECTOR = YES;
				GCC_WARN_UNINITIALIZED_AUTOS = YES_AGGRESSIVE;
				GCC_WARN_UNUSED_FUNCTION = YES;
				GCC_WARN_UNUSED_LABEL = YES;
				GCC_WARN_UNUSED_PARAMETER = YES;
				GCC_WARN_UNUSED_VARIABLE = YES;
				MACOSX_DEPLOYMENT_TARGET = 10.9;
				MTL_ENABLE_DEBUG_INFO = YES;
				ONLY_ACTIVE_ARCH = YES;
				RUN_CLANG_STATIC_ANALYZER = YES;
				SDKROOT = macosx;
			};
			name = DebugOpt;
		};
		1C4603C61C05963C00150F9B /* DebugOpt */ = {
			isa = XCBuildConfiguration;
			buildSettings = {
				ASSETCATALOG_COMPILER_APPICON_NAME = AppIcon;
				CLANG_USE_OPTIMIZATION_PROFILE = NO;
				COMBINE_HIDPI_IMAGES = YES;
				DEAD_CODE_STRIPPING = YES;
				GCC_TREAT_WARNINGS_AS_ERRORS = YES;
				INFOPLIST_FILE = BGMApp/Info.plist;
				LD_RUNPATH_SEARCH_PATHS = "$(inherited) @executable_path/../Frameworks";
				LLVM_LTO = NO;
				PRODUCT_BUNDLE_IDENTIFIER = com.bearisdriving.BGM.App;
				PRODUCT_NAME = "$(TARGET_NAME)";
				WARNING_CFLAGS = "";
			};
			name = DebugOpt;
		};
		1C4603C71C05963C00150F9B /* DebugOpt */ = {
			isa = XCBuildConfiguration;
			buildSettings = {
				BUNDLE_LOADER = "$(TEST_HOST)";
				CLANG_ADDRESS_SANITIZER_CONTAINER_OVERFLOW = YES;
				FRAMEWORK_SEARCH_PATHS = (
					"$(DEVELOPER_FRAMEWORKS_DIR)",
					"$(inherited)",
				);
				INFOPLIST_FILE = "BGMAppTests/BGMAppTests-Info.plist";
				LD_RUNPATH_SEARCH_PATHS = "$(inherited) @executable_path/../Frameworks @loader_path/../Frameworks";
				PRODUCT_BUNDLE_IDENTIFIER = "com.bearisdriving.BGM.$(PRODUCT_NAME:rfc1034identifier)";
				PRODUCT_NAME = "$(TARGET_NAME)";
				TEST_HOST = "$(BUILT_PRODUCTS_DIR)/Background Music.app/Contents/MacOS/Background Music";
			};
			name = DebugOpt;
		};
		1CB8B3511BBA75F0000E2DD1 /* Debug */ = {
			isa = XCBuildConfiguration;
			buildSettings = {
				ALWAYS_SEARCH_USER_PATHS = NO;
				CLANG_ANALYZER_NONNULL = YES;
				CLANG_ANALYZER_SECURITY_FLOATLOOPCOUNTER = YES;
				CLANG_ANALYZER_SECURITY_INSECUREAPI_RAND = YES;
				CLANG_ANALYZER_SECURITY_INSECUREAPI_STRCPY = YES;
				CLANG_CXX_LANGUAGE_STANDARD = "c++0x";
				CLANG_CXX_LIBRARY = "libc++";
				CLANG_ENABLE_MODULES = YES;
				CLANG_ENABLE_OBJC_ARC = YES;
				CLANG_WARN_ASSIGN_ENUM = YES;
				CLANG_WARN_BOOL_CONVERSION = YES;
				CLANG_WARN_CONSTANT_CONVERSION = YES;
				CLANG_WARN_DEPRECATED_OBJC_IMPLEMENTATIONS = YES;
				CLANG_WARN_DIRECT_OBJC_ISA_USAGE = YES_ERROR;
				CLANG_WARN_EMPTY_BODY = YES;
				CLANG_WARN_ENUM_CONVERSION = YES;
				CLANG_WARN_IMPLICIT_SIGN_CONVERSION = NO;
				CLANG_WARN_INT_CONVERSION = YES;
				CLANG_WARN_NULLABLE_TO_NONNULL_CONVERSION = YES;
				CLANG_WARN_OBJC_IMPLICIT_RETAIN_SELF = NO;
				CLANG_WARN_OBJC_REPEATED_USE_OF_WEAK = YES;
				CLANG_WARN_OBJC_ROOT_CLASS = YES_ERROR;
				CLANG_WARN_SUSPICIOUS_IMPLICIT_CONVERSION = YES;
				CLANG_WARN_UNREACHABLE_CODE = YES;
				CLANG_WARN__DUPLICATE_METHOD_MATCH = YES;
				CLANG_WARN__EXIT_TIME_DESTRUCTORS = YES;
				COPY_PHASE_STRIP = NO;
				DEAD_CODE_STRIPPING = NO;
				DEBUG_INFORMATION_FORMAT = dwarf;
				ENABLE_STRICT_OBJC_MSGSEND = YES;
				ENABLE_TESTABILITY = YES;
				GCC_C_LANGUAGE_STANDARD = c11;
				GCC_DYNAMIC_NO_PIC = NO;
				GCC_NO_COMMON_BLOCKS = YES;
				GCC_OPTIMIZATION_LEVEL = 0;
				GCC_PREPROCESSOR_DEFINITIONS = (
					"DEBUG=1",
					"CoreAudio_Debug=1",
					"CoreAudio_UseSysLog=0",
					"CoreAudio_StopOnAssert=1",
					"CoreAudio_ThreadStampMessages=0",
				);
				GCC_TREAT_IMPLICIT_FUNCTION_DECLARATIONS_AS_ERRORS = YES;
				GCC_TREAT_WARNINGS_AS_ERRORS = YES;
				GCC_WARN_64_TO_32_BIT_CONVERSION = YES;
				GCC_WARN_ABOUT_MISSING_FIELD_INITIALIZERS = YES;
				GCC_WARN_ABOUT_MISSING_NEWLINE = YES;
				GCC_WARN_ABOUT_MISSING_PROTOTYPES = YES;
				GCC_WARN_ABOUT_RETURN_TYPE = YES_ERROR;
				GCC_WARN_INITIALIZER_NOT_FULLY_BRACKETED = YES;
				GCC_WARN_NON_VIRTUAL_DESTRUCTOR = YES;
				GCC_WARN_SHADOW = YES;
				GCC_WARN_STRICT_SELECTOR_MATCH = YES;
				GCC_WARN_UNDECLARED_SELECTOR = YES;
				GCC_WARN_UNINITIALIZED_AUTOS = YES_AGGRESSIVE;
				GCC_WARN_UNUSED_FUNCTION = YES;
				GCC_WARN_UNUSED_LABEL = YES;
				GCC_WARN_UNUSED_PARAMETER = YES;
				GCC_WARN_UNUSED_VARIABLE = YES;
				MACOSX_DEPLOYMENT_TARGET = 10.9;
				MTL_ENABLE_DEBUG_INFO = YES;
				ONLY_ACTIVE_ARCH = YES;
				RUN_CLANG_STATIC_ANALYZER = YES;
				SDKROOT = macosx;
			};
			name = Debug;
		};
		1CB8B3521BBA75F0000E2DD1 /* Release */ = {
			isa = XCBuildConfiguration;
			buildSettings = {
				ALWAYS_SEARCH_USER_PATHS = NO;
				CLANG_ANALYZER_NONNULL = YES;
				CLANG_ANALYZER_SECURITY_FLOATLOOPCOUNTER = YES;
				CLANG_ANALYZER_SECURITY_INSECUREAPI_RAND = YES;
				CLANG_ANALYZER_SECURITY_INSECUREAPI_STRCPY = YES;
				CLANG_CXX_LANGUAGE_STANDARD = "c++0x";
				CLANG_CXX_LIBRARY = "libc++";
				CLANG_ENABLE_MODULES = YES;
				CLANG_ENABLE_OBJC_ARC = YES;
				CLANG_WARN_ASSIGN_ENUM = YES;
				CLANG_WARN_BOOL_CONVERSION = YES;
				CLANG_WARN_CONSTANT_CONVERSION = YES;
				CLANG_WARN_DEPRECATED_OBJC_IMPLEMENTATIONS = YES;
				CLANG_WARN_DIRECT_OBJC_ISA_USAGE = YES_ERROR;
				CLANG_WARN_EMPTY_BODY = YES;
				CLANG_WARN_ENUM_CONVERSION = YES;
				CLANG_WARN_IMPLICIT_SIGN_CONVERSION = NO;
				CLANG_WARN_INT_CONVERSION = YES;
				CLANG_WARN_NULLABLE_TO_NONNULL_CONVERSION = YES;
				CLANG_WARN_OBJC_IMPLICIT_RETAIN_SELF = NO;
				CLANG_WARN_OBJC_REPEATED_USE_OF_WEAK = YES;
				CLANG_WARN_OBJC_ROOT_CLASS = YES_ERROR;
				CLANG_WARN_SUSPICIOUS_IMPLICIT_CONVERSION = YES;
				CLANG_WARN_UNREACHABLE_CODE = YES;
				CLANG_WARN__DUPLICATE_METHOD_MATCH = YES;
				CLANG_WARN__EXIT_TIME_DESTRUCTORS = YES;
				COPY_PHASE_STRIP = NO;
				DEAD_CODE_STRIPPING = YES;
				DEBUG_INFORMATION_FORMAT = "dwarf-with-dsym";
				ENABLE_NS_ASSERTIONS = NO;
				ENABLE_STRICT_OBJC_MSGSEND = YES;
				GCC_C_LANGUAGE_STANDARD = c11;
				GCC_NO_COMMON_BLOCKS = YES;
				GCC_OPTIMIZATION_LEVEL = s;
				GCC_PREPROCESSOR_DEFINITIONS = (
					"DEBUG=0",
					"CoreAudio_Debug=0",
					"CoreAudio_UseSysLog=0",
					"CoreAudio_StopOnAssert=0",
					"CoreAudio_ThreadStampMessages=0",
				);
				GCC_TREAT_IMPLICIT_FUNCTION_DECLARATIONS_AS_ERRORS = YES;
				GCC_TREAT_WARNINGS_AS_ERRORS = YES;
				GCC_WARN_64_TO_32_BIT_CONVERSION = YES;
				GCC_WARN_ABOUT_MISSING_FIELD_INITIALIZERS = YES;
				GCC_WARN_ABOUT_MISSING_NEWLINE = YES;
				GCC_WARN_ABOUT_MISSING_PROTOTYPES = YES;
				GCC_WARN_ABOUT_RETURN_TYPE = YES_ERROR;
				GCC_WARN_INITIALIZER_NOT_FULLY_BRACKETED = YES;
				GCC_WARN_NON_VIRTUAL_DESTRUCTOR = YES;
				GCC_WARN_SHADOW = YES;
				GCC_WARN_STRICT_SELECTOR_MATCH = YES;
				GCC_WARN_UNDECLARED_SELECTOR = YES;
				GCC_WARN_UNINITIALIZED_AUTOS = YES_AGGRESSIVE;
				GCC_WARN_UNUSED_FUNCTION = YES;
				GCC_WARN_UNUSED_LABEL = YES;
				GCC_WARN_UNUSED_PARAMETER = YES;
				GCC_WARN_UNUSED_VARIABLE = YES;
				MACOSX_DEPLOYMENT_TARGET = 10.9;
				MTL_ENABLE_DEBUG_INFO = NO;
				RUN_CLANG_STATIC_ANALYZER = YES;
				SDKROOT = macosx;
			};
			name = Release;
		};
		1CB8B3541BBA75F0000E2DD1 /* Debug */ = {
			isa = XCBuildConfiguration;
			buildSettings = {
				ASSETCATALOG_COMPILER_APPICON_NAME = AppIcon;
				CLANG_USE_OPTIMIZATION_PROFILE = NO;
				COMBINE_HIDPI_IMAGES = YES;
				DEAD_CODE_STRIPPING = YES;
				GCC_TREAT_WARNINGS_AS_ERRORS = YES;
				INFOPLIST_FILE = BGMApp/Info.plist;
				LD_RUNPATH_SEARCH_PATHS = "$(inherited) @executable_path/../Frameworks";
				LLVM_LTO = NO;
				PRODUCT_BUNDLE_IDENTIFIER = com.bearisdriving.BGM.App;
				PRODUCT_NAME = "$(TARGET_NAME)";
				WARNING_CFLAGS = "";
			};
			name = Debug;
		};
		1CB8B3551BBA75F0000E2DD1 /* Release */ = {
			isa = XCBuildConfiguration;
			buildSettings = {
				ASSETCATALOG_COMPILER_APPICON_NAME = AppIcon;
				CLANG_USE_OPTIMIZATION_PROFILE = NO;
				COMBINE_HIDPI_IMAGES = YES;
				DEAD_CODE_STRIPPING = YES;
				GCC_TREAT_WARNINGS_AS_ERRORS = YES;
				INFOPLIST_FILE = BGMApp/Info.plist;
				LD_RUNPATH_SEARCH_PATHS = "$(inherited) @executable_path/../Frameworks";
				LLVM_LTO = YES;
				PRODUCT_BUNDLE_IDENTIFIER = com.bearisdriving.BGM.App;
				PRODUCT_NAME = "$(TARGET_NAME)";
				WARNING_CFLAGS = "-Wno-profile-instr-out-of-date";
			};
			name = Release;
		};
		1CB8B3571BBA75F0000E2DD1 /* Debug */ = {
			isa = XCBuildConfiguration;
			buildSettings = {
				BUNDLE_LOADER = "$(TEST_HOST)";
				CLANG_ADDRESS_SANITIZER_CONTAINER_OVERFLOW = YES;
				FRAMEWORK_SEARCH_PATHS = (
					"$(DEVELOPER_FRAMEWORKS_DIR)",
					"$(inherited)",
				);
				INFOPLIST_FILE = "BGMAppTests/BGMAppTests-Info.plist";
				LD_RUNPATH_SEARCH_PATHS = "$(inherited) @executable_path/../Frameworks @loader_path/../Frameworks";
				PRODUCT_BUNDLE_IDENTIFIER = "com.bearisdriving.BGM.$(PRODUCT_NAME:rfc1034identifier)";
				PRODUCT_NAME = "$(TARGET_NAME)";
				TEST_HOST = "$(BUILT_PRODUCTS_DIR)/Background Music.app/Contents/MacOS/Background Music";
			};
			name = Debug;
		};
		1CB8B3581BBA75F0000E2DD1 /* Release */ = {
			isa = XCBuildConfiguration;
			buildSettings = {
				BUNDLE_LOADER = "$(TEST_HOST)";
				CLANG_ADDRESS_SANITIZER_CONTAINER_OVERFLOW = YES;
				FRAMEWORK_SEARCH_PATHS = (
					"$(DEVELOPER_FRAMEWORKS_DIR)",
					"$(inherited)",
				);
				INFOPLIST_FILE = "BGMAppTests/BGMAppTests-Info.plist";
				LD_RUNPATH_SEARCH_PATHS = "$(inherited) @executable_path/../Frameworks @loader_path/../Frameworks";
				PRODUCT_BUNDLE_IDENTIFIER = "com.bearisdriving.BGM.$(PRODUCT_NAME:rfc1034identifier)";
				PRODUCT_NAME = "$(TARGET_NAME)";
				TEST_HOST = "$(BUILT_PRODUCTS_DIR)/Background Music.app/Contents/MacOS/Background Music";
			};
			name = Release;
		};
		27379B991C7F57DB0084A24C /* Debug */ = {
			isa = XCBuildConfiguration;
			buildSettings = {
				GCC_PREPROCESSOR_DEFINITIONS = (
					"DEBUG=1",
					"CoreAudio_Debug=1",
					"CoreAudio_UseSysLog=1",
					"CoreAudio_StopOnAssert=1",
				);
				INFOPLIST_FILE = BGMXPCHelper/Info.plist;
				INSTALL_GROUP = wheel;
				INSTALL_OWNER = root;
				INSTALL_PATH = /usr/local/libexec;
				PRODUCT_BUNDLE_IDENTIFIER = com.bearisdriving.BGM.XPCHelper;
				PRODUCT_NAME = BGMXPCHelper;
			};
			name = Debug;
		};
		27379B9A1C7F57DB0084A24C /* Release */ = {
			isa = XCBuildConfiguration;
			buildSettings = {
				INFOPLIST_FILE = BGMXPCHelper/Info.plist;
				INSTALL_GROUP = wheel;
				INSTALL_OWNER = root;
				INSTALL_PATH = /usr/local/libexec;
				PRODUCT_BUNDLE_IDENTIFIER = com.bearisdriving.BGM.XPCHelper;
				PRODUCT_NAME = BGMXPCHelper;
			};
			name = Release;
		};
		27379B9B1C7F57DB0084A24C /* DebugOpt */ = {
			isa = XCBuildConfiguration;
			buildSettings = {
				GCC_PREPROCESSOR_DEFINITIONS = (
					"DEBUG=1",
					"CoreAudio_Debug=1",
					"CoreAudio_UseSysLog=1",
					"CoreAudio_StopOnAssert=1",
				);
				INFOPLIST_FILE = BGMXPCHelper/Info.plist;
				INSTALL_GROUP = wheel;
				INSTALL_OWNER = root;
				INSTALL_PATH = /usr/local/libexec;
				PRODUCT_BUNDLE_IDENTIFIER = com.bearisdriving.BGM.XPCHelper;
				PRODUCT_NAME = BGMXPCHelper;
			};
			name = DebugOpt;
		};
		2743C9FE1D86CFFA0089613B /* Debug */ = {
			isa = XCBuildConfiguration;
			buildSettings = {
				CLANG_ADDRESS_SANITIZER_CONTAINER_OVERFLOW = YES;
				CLANG_WARN_INFINITE_RECURSION = YES;
				CLANG_WARN_SUSPICIOUS_MOVES = YES;
				CLANG_WARN__EXIT_TIME_DESTRUCTORS = NO;
				CODE_SIGN_IDENTITY = "";
				COMBINE_HIDPI_IMAGES = YES;
				INFOPLIST_FILE = "AppUnitTests/BGMAppUnitTests-Info.plist";
				LD_RUNPATH_SEARCH_PATHS = "$(inherited) @executable_path/../Frameworks @loader_path/../Frameworks";
				PRODUCT_BUNDLE_IDENTIFIER = com.bearisdriving.BGM.AppUnitTests;
				PRODUCT_NAME = "$(TARGET_NAME)";
			};
			name = Debug;
		};
		2743C9FF1D86CFFA0089613B /* Release */ = {
			isa = XCBuildConfiguration;
			buildSettings = {
				CLANG_ADDRESS_SANITIZER_CONTAINER_OVERFLOW = YES;
				CLANG_WARN_INFINITE_RECURSION = YES;
				CLANG_WARN_SUSPICIOUS_MOVES = YES;
				CLANG_WARN__EXIT_TIME_DESTRUCTORS = NO;
				CODE_SIGN_IDENTITY = "";
				COMBINE_HIDPI_IMAGES = YES;
				INFOPLIST_FILE = "AppUnitTests/BGMAppUnitTests-Info.plist";
				LD_RUNPATH_SEARCH_PATHS = "$(inherited) @executable_path/../Frameworks @loader_path/../Frameworks";
				PRODUCT_BUNDLE_IDENTIFIER = com.bearisdriving.BGM.AppUnitTests;
				PRODUCT_NAME = "$(TARGET_NAME)";
			};
			name = Release;
		};
		2743CA001D86CFFA0089613B /* DebugOpt */ = {
			isa = XCBuildConfiguration;
			buildSettings = {
				CLANG_ADDRESS_SANITIZER_CONTAINER_OVERFLOW = YES;
				CLANG_WARN_INFINITE_RECURSION = YES;
				CLANG_WARN_SUSPICIOUS_MOVES = YES;
				CLANG_WARN__EXIT_TIME_DESTRUCTORS = NO;
				CODE_SIGN_IDENTITY = "";
				COMBINE_HIDPI_IMAGES = YES;
				INFOPLIST_FILE = "AppUnitTests/BGMAppUnitTests-Info.plist";
				LD_RUNPATH_SEARCH_PATHS = "$(inherited) @executable_path/../Frameworks @loader_path/../Frameworks";
				PRODUCT_BUNDLE_IDENTIFIER = com.bearisdriving.BGM.AppUnitTests;
				PRODUCT_NAME = "$(TARGET_NAME)";
			};
			name = DebugOpt;
		};
		278D71EE1CABB6FF00899CF9 /* Debug */ = {
			isa = XCBuildConfiguration;
			buildSettings = {
				INFOPLIST_FILE = "BGMAppTests/BGMXPCHelperTests-Info.plist";
				LD_RUNPATH_SEARCH_PATHS = "$(inherited) @executable_path/../Frameworks @loader_path/../Frameworks";
				PRODUCT_BUNDLE_IDENTIFIER = "com.bearisdriving.BGM.$(PRODUCT_NAME:rfc1034identifier)";
				PRODUCT_NAME = "$(TARGET_NAME)";
			};
			name = Debug;
		};
		278D71EF1CABB6FF00899CF9 /* Release */ = {
			isa = XCBuildConfiguration;
			buildSettings = {
				INFOPLIST_FILE = "BGMAppTests/BGMXPCHelperTests-Info.plist";
				LD_RUNPATH_SEARCH_PATHS = "$(inherited) @executable_path/../Frameworks @loader_path/../Frameworks";
				PRODUCT_BUNDLE_IDENTIFIER = "com.bearisdriving.BGM.$(PRODUCT_NAME:rfc1034identifier)";
				PRODUCT_NAME = "$(TARGET_NAME)";
			};
			name = Release;
		};
		278D71F01CABB6FF00899CF9 /* DebugOpt */ = {
			isa = XCBuildConfiguration;
			buildSettings = {
				INFOPLIST_FILE = "BGMAppTests/BGMXPCHelperTests-Info.plist";
				LD_RUNPATH_SEARCH_PATHS = "$(inherited) @executable_path/../Frameworks @loader_path/../Frameworks";
				PRODUCT_BUNDLE_IDENTIFIER = "com.bearisdriving.BGM.$(PRODUCT_NAME:rfc1034identifier)";
				PRODUCT_NAME = "$(TARGET_NAME)";
			};
			name = DebugOpt;
		};
/* End XCBuildConfiguration section */

/* Begin XCConfigurationList section */
		1CB8B3311BBA75EF000E2DD1 /* Build configuration list for PBXProject "BGMApp" */ = {
			isa = XCConfigurationList;
			buildConfigurations = (
				1CB8B3511BBA75F0000E2DD1 /* Debug */,
				1CB8B3521BBA75F0000E2DD1 /* Release */,
				1C4603C51C05963C00150F9B /* DebugOpt */,
			);
			defaultConfigurationIsVisible = 0;
			defaultConfigurationName = Release;
		};
		1CB8B3531BBA75F0000E2DD1 /* Build configuration list for PBXNativeTarget "Background Music" */ = {
			isa = XCConfigurationList;
			buildConfigurations = (
				1CB8B3541BBA75F0000E2DD1 /* Debug */,
				1CB8B3551BBA75F0000E2DD1 /* Release */,
				1C4603C61C05963C00150F9B /* DebugOpt */,
			);
			defaultConfigurationIsVisible = 0;
			defaultConfigurationName = Release;
		};
		1CB8B3561BBA75F0000E2DD1 /* Build configuration list for PBXNativeTarget "BGMAppTests" */ = {
			isa = XCConfigurationList;
			buildConfigurations = (
				1CB8B3571BBA75F0000E2DD1 /* Debug */,
				1CB8B3581BBA75F0000E2DD1 /* Release */,
				1C4603C71C05963C00150F9B /* DebugOpt */,
			);
			defaultConfigurationIsVisible = 0;
			defaultConfigurationName = Release;
		};
		27379B981C7F57DB0084A24C /* Build configuration list for PBXNativeTarget "BGMXPCHelper" */ = {
			isa = XCConfigurationList;
			buildConfigurations = (
				27379B991C7F57DB0084A24C /* Debug */,
				27379B9A1C7F57DB0084A24C /* Release */,
				27379B9B1C7F57DB0084A24C /* DebugOpt */,
			);
			defaultConfigurationIsVisible = 0;
			defaultConfigurationName = Release;
		};
		2743C9FD1D86CFFA0089613B /* Build configuration list for PBXNativeTarget "BGMAppUnitTests" */ = {
			isa = XCConfigurationList;
			buildConfigurations = (
				2743C9FE1D86CFFA0089613B /* Debug */,
				2743C9FF1D86CFFA0089613B /* Release */,
				2743CA001D86CFFA0089613B /* DebugOpt */,
			);
			defaultConfigurationIsVisible = 0;
		};
		278D71ED1CABB6FF00899CF9 /* Build configuration list for PBXNativeTarget "BGMXPCHelperTests" */ = {
			isa = XCConfigurationList;
			buildConfigurations = (
				278D71EE1CABB6FF00899CF9 /* Debug */,
				278D71EF1CABB6FF00899CF9 /* Release */,
				278D71F01CABB6FF00899CF9 /* DebugOpt */,
			);
			defaultConfigurationIsVisible = 0;
			defaultConfigurationName = Release;
		};
/* End XCConfigurationList section */
	};
	rootObject = 1CB8B32E1BBA75EF000E2DD1 /* Project object */;
}
