// !$*UTF8*$!
{
	archiveVersion = 1;
	classes = {
	};
	objectVersion = 46;
	objects = {

/* Begin PBXBuildFile section */
		2D46CA7B17D6ADCA00049D4A /* Localizable.strings in Resources */ = {isa = PBXBuildFile; fileRef = 2D46CA7817D6AD8A00049D4A /* Localizable.strings */; };
		2D46CA7D17D6AF4200049D4A /* DeviceIcon.icns in Resources */ = {isa = PBXBuildFile; fileRef = 2D46CA7C17D6AF4200049D4A /* DeviceIcon.icns */; };
		2D47CAA415FEC82B002AAFB5 /* Localizable.strings in Resources */ = {isa = PBXBuildFile; fileRef = 2D47CAA215FEC82B002AAFB5 /* Localizable.strings */; };
		2D4DE41415EDF8D500E96F0D /* CAVolumeCurve.cpp in Sources */ = {isa = PBXBuildFile; fileRef = 2D4DE41215EDF8D500E96F0D /* CAVolumeCurve.cpp */; };
		2D4DE41515EDF8D500E96F0D /* CAVolumeCurve.h in Headers */ = {isa = PBXBuildFile; fileRef = 2D4DE41315EDF8D500E96F0D /* CAVolumeCurve.h */; };
		2D616EF415B8C82500D598BD /* NullAudio.c in Sources */ = {isa = PBXBuildFile; fileRef = 2D616EF215B8C82500D598BD /* NullAudio.c */; };
		2D7477AD1578168D00412279 /* CoreFoundation.framework in Frameworks */ = {isa = PBXBuildFile; fileRef = 2D7477AC1578168D00412279 /* CoreFoundation.framework */; };
		2D76D96115E48B2000FF0F33 /* CoreFoundation.framework in Frameworks */ = {isa = PBXBuildFile; fileRef = 2D7477AC1578168D00412279 /* CoreFoundation.framework */; };
		2D76D97615E48B6400FF0F33 /* SA_PlugIn.cpp in Sources */ = {isa = PBXBuildFile; fileRef = 2D76D97415E48B6400FF0F33 /* SA_PlugIn.cpp */; };
		2D76D97715E48B6400FF0F33 /* SA_PlugIn.h in Headers */ = {isa = PBXBuildFile; fileRef = 2D76D97515E48B6400FF0F33 /* SA_PlugIn.h */; };
		2D76D97A15E498EB00FF0F33 /* SA_Object.cpp in Sources */ = {isa = PBXBuildFile; fileRef = 2D76D97815E498EB00FF0F33 /* SA_Object.cpp */; };
		2D76D97B15E498EB00FF0F33 /* SA_Object.h in Headers */ = {isa = PBXBuildFile; fileRef = 2D76D97915E498EB00FF0F33 /* SA_Object.h */; };
		2DD7AA0A15EACDE000C67AE1 /* SA_IOKit.cpp in Sources */ = {isa = PBXBuildFile; fileRef = 2DD7AA0815EACDDF00C67AE1 /* SA_IOKit.cpp */; };
		2DD7AA0B15EACDE000C67AE1 /* SA_IOKit.h in Headers */ = {isa = PBXBuildFile; fileRef = 2DD7AA0915EACDDF00C67AE1 /* SA_IOKit.h */; };
		2DD7AA2315EAFD5100C67AE1 /* CACFArray.cpp in Sources */ = {isa = PBXBuildFile; fileRef = 2DD7AA0E15EAFD3300C67AE1 /* CACFArray.cpp */; };
		2DD7AA2415EAFD5100C67AE1 /* CACFArray.h in Headers */ = {isa = PBXBuildFile; fileRef = 2DD7AA0F15EAFD3300C67AE1 /* CACFArray.h */; };
		2DD7AA2515EAFD5100C67AE1 /* CACFDictionary.cpp in Sources */ = {isa = PBXBuildFile; fileRef = 2DD7AA1015EAFD3300C67AE1 /* CACFDictionary.cpp */; };
		2DD7AA2615EAFD5100C67AE1 /* CACFDictionary.h in Headers */ = {isa = PBXBuildFile; fileRef = 2DD7AA1115EAFD3300C67AE1 /* CACFDictionary.h */; };
		2DD7AA2715EAFD5100C67AE1 /* CACFNumber.cpp in Sources */ = {isa = PBXBuildFile; fileRef = 2DD7AA1215EAFD3300C67AE1 /* CACFNumber.cpp */; };
		2DD7AA2815EAFD5100C67AE1 /* CACFNumber.h in Headers */ = {isa = PBXBuildFile; fileRef = 2DD7AA1315EAFD3300C67AE1 /* CACFNumber.h */; };
		2DD7AA2915EAFD5100C67AE1 /* CACFString.cpp in Sources */ = {isa = PBXBuildFile; fileRef = 2DD7AA1415EAFD3300C67AE1 /* CACFString.cpp */; };
		2DD7AA2A15EAFD5100C67AE1 /* CACFString.h in Headers */ = {isa = PBXBuildFile; fileRef = 2DD7AA1515EAFD3300C67AE1 /* CACFString.h */; };
		2DD7AA2B15EAFD5100C67AE1 /* CADebugger.cpp in Sources */ = {isa = PBXBuildFile; fileRef = 2DD7AA1615EAFD3300C67AE1 /* CADebugger.cpp */; };
		2DD7AA2C15EAFD5100C67AE1 /* CADebugger.h in Headers */ = {isa = PBXBuildFile; fileRef = 2DD7AA1715EAFD3300C67AE1 /* CADebugger.h */; };
		2DD7AA2D15EAFD5100C67AE1 /* CADebugMacros.cpp in Sources */ = {isa = PBXBuildFile; fileRef = 2DD7AA1815EAFD3300C67AE1 /* CADebugMacros.cpp */; };
		2DD7AA2E15EAFD5100C67AE1 /* CADebugMacros.h in Headers */ = {isa = PBXBuildFile; fileRef = 2DD7AA1915EAFD3300C67AE1 /* CADebugMacros.h */; };
		2DD7AA2F15EAFD5100C67AE1 /* CADebugPrintf.cpp in Sources */ = {isa = PBXBuildFile; fileRef = 2DD7AA1A15EAFD3300C67AE1 /* CADebugPrintf.cpp */; };
		2DD7AA3015EAFD5100C67AE1 /* CADebugPrintf.h in Headers */ = {isa = PBXBuildFile; fileRef = 2DD7AA1B15EAFD3300C67AE1 /* CADebugPrintf.h */; };
		2DD7AA3115EAFD5100C67AE1 /* CAException.h in Headers */ = {isa = PBXBuildFile; fileRef = 2DD7AA1C15EAFD3300C67AE1 /* CAException.h */; };
		2DD7AA3215EAFD5100C67AE1 /* CAGuard.cpp in Sources */ = {isa = PBXBuildFile; fileRef = 2DD7AA1D15EAFD3300C67AE1 /* CAGuard.cpp */; };
		2DD7AA3315EAFD5100C67AE1 /* CAGuard.h in Headers */ = {isa = PBXBuildFile; fileRef = 2DD7AA1E15EAFD3300C67AE1 /* CAGuard.h */; };
		2DD7AA3415EAFD5100C67AE1 /* CAHostTimeBase.cpp in Sources */ = {isa = PBXBuildFile; fileRef = 2DD7AA1F15EAFD3300C67AE1 /* CAHostTimeBase.cpp */; };
		2DD7AA3515EAFD5100C67AE1 /* CAHostTimeBase.h in Headers */ = {isa = PBXBuildFile; fileRef = 2DD7AA2015EAFD3300C67AE1 /* CAHostTimeBase.h */; };
		2DD7AA3615EAFD5100C67AE1 /* CAMutex.cpp in Sources */ = {isa = PBXBuildFile; fileRef = 2DD7AA2115EAFD3300C67AE1 /* CAMutex.cpp */; };
		2DD7AA3715EAFD5100C67AE1 /* CAMutex.h in Headers */ = {isa = PBXBuildFile; fileRef = 2DD7AA2215EAFD3300C67AE1 /* CAMutex.h */; };
		2DD7AA7D15EC20FD00C67AE1 /* CADispatchQueue.cpp in Sources */ = {isa = PBXBuildFile; fileRef = 2DD7AA7B15EC20FD00C67AE1 /* CADispatchQueue.cpp */; };
		2DD7AA7E15EC20FD00C67AE1 /* CADispatchQueue.h in Headers */ = {isa = PBXBuildFile; fileRef = 2DD7AA7C15EC20FD00C67AE1 /* CADispatchQueue.h */; };
		2DD7AA8015EC3DB800C67AE1 /* CACFObject.h in Headers */ = {isa = PBXBuildFile; fileRef = 2DD7AA7F15EC3DB800C67AE1 /* CACFObject.h */; };
		2DD7AA9715EC551600C67AE1 /* SA_Device.cpp in Sources */ = {isa = PBXBuildFile; fileRef = 2DD7AA9515EC551500C67AE1 /* SA_Device.cpp */; };
		2DD7AA9815EC551600C67AE1 /* SA_Device.h in Headers */ = {isa = PBXBuildFile; fileRef = 2DD7AA9615EC551600C67AE1 /* SA_Device.h */; };
		2DD7AA9A15EC572000C67AE1 /* IOKit.framework in Frameworks */ = {isa = PBXBuildFile; fileRef = 2DD7AA9915EC572000C67AE1 /* IOKit.framework */; };
		2DED184915C359AC0091BE97 /* SimpleAudioDriver.cpp in Sources */ = {isa = PBXBuildFile; fileRef = 2DED182515C356BA0091BE97 /* SimpleAudioDriver.cpp */; };
		2DED184A15C359AC0091BE97 /* SimpleAudioDriver.h in Headers */ = {isa = PBXBuildFile; fileRef = 2DED182615C356BA0091BE97 /* SimpleAudioDriver.h */; };
		2DED184B15C359AC0091BE97 /* SimpleAudioDriverUserClient.cpp in Sources */ = {isa = PBXBuildFile; fileRef = 2DED182915C356BA0091BE97 /* SimpleAudioDriverUserClient.cpp */; };
		2DED184C15C359AC0091BE97 /* SimpleAudioDriverUserClient.h in Headers */ = {isa = PBXBuildFile; fileRef = 2DED182A15C356BA0091BE97 /* SimpleAudioDriverUserClient.h */; };
		2DED184D15C359AC0091BE97 /* SimpleAudioDriverTypes.h in Headers */ = {isa = PBXBuildFile; fileRef = 2DED182B15C356BA0091BE97 /* SimpleAudioDriverTypes.h */; };
/* End PBXBuildFile section */

/* Begin PBXFileReference section */
		2D46CA7917D6AD8A00049D4A /* English */ = {isa = PBXFileReference; fileEncoding = 10; lastKnownFileType = text.plist.strings; name = English; path = English.lproj/Localizable.strings; sourceTree = "<group>"; };
		2D46CA7C17D6AF4200049D4A /* DeviceIcon.icns */ = {isa = PBXFileReference; lastKnownFileType = image.icns; path = DeviceIcon.icns; sourceTree = "<group>"; };
		2D47CAA315FEC82B002AAFB5 /* English */ = {isa = PBXFileReference; fileEncoding = 10; lastKnownFileType = text.plist.strings; name = English; path = English.lproj/Localizable.strings; sourceTree = "<group>"; };
		2D4DE41215EDF8D500E96F0D /* CAVolumeCurve.cpp */ = {isa = PBXFileReference; fileEncoding = 4; lastKnownFileType = sourcecode.cpp.cpp; path = CAVolumeCurve.cpp; sourceTree = "<group>"; };
		2D4DE41315EDF8D500E96F0D /* CAVolumeCurve.h */ = {isa = PBXFileReference; fileEncoding = 4; lastKnownFileType = sourcecode.c.h; path = CAVolumeCurve.h; sourceTree = "<group>"; };
		2D616EF115B8C82500D598BD /* NullAudio-Info.plist */ = {isa = PBXFileReference; fileEncoding = 4; lastKnownFileType = text.plist.xml; path = "NullAudio-Info.plist"; sourceTree = "<group>"; };
		2D616EF215B8C82500D598BD /* NullAudio.c */ = {isa = PBXFileReference; fileEncoding = 4; lastKnownFileType = sourcecode.c.c; path = NullAudio.c; sourceTree = "<group>"; };
		2D7477A91578168D00412279 /* NullAudio.driver */ = {isa = PBXFileReference; explicitFileType = wrapper.cfbundle; includeInIndex = 0; path = NullAudio.driver; sourceTree = BUILT_PRODUCTS_DIR; };
		2D7477AC1578168D00412279 /* CoreFoundation.framework */ = {isa = PBXFileReference; lastKnownFileType = wrapper.framework; name = CoreFoundation.framework; path = System/Library/Frameworks/CoreFoundation.framework; sourceTree = SDKROOT; };
		2D7477EC157823CF00412279 /* CoreAudio.framework */ = {isa = PBXFileReference; lastKnownFileType = wrapper.framework; name = CoreAudio.framework; path = System/Library/Frameworks/CoreAudio.framework; sourceTree = SDKROOT; };
		2D76D96015E48B2000FF0F33 /* SimpleAudioPlugIn.driver */ = {isa = PBXFileReference; explicitFileType = wrapper.cfbundle; includeInIndex = 0; path = SimpleAudioPlugIn.driver; sourceTree = BUILT_PRODUCTS_DIR; };
		2D76D97415E48B6400FF0F33 /* SA_PlugIn.cpp */ = {isa = PBXFileReference; fileEncoding = 4; lastKnownFileType = sourcecode.cpp.cpp; path = SA_PlugIn.cpp; sourceTree = "<group>"; };
		2D76D97515E48B6400FF0F33 /* SA_PlugIn.h */ = {isa = PBXFileReference; fileEncoding = 4; lastKnownFileType = sourcecode.c.h; path = SA_PlugIn.h; sourceTree = "<group>"; };
		2D76D97815E498EB00FF0F33 /* SA_Object.cpp */ = {isa = PBXFileReference; fileEncoding = 4; lastKnownFileType = sourcecode.cpp.cpp; path = SA_Object.cpp; sourceTree = "<group>"; };
		2D76D97915E498EB00FF0F33 /* SA_Object.h */ = {isa = PBXFileReference; fileEncoding = 4; lastKnownFileType = sourcecode.c.h; path = SA_Object.h; sourceTree = "<group>"; };
		2D76D98B15E56E4E00FF0F33 /* SA_PlugIn-Info.plist */ = {isa = PBXFileReference; lastKnownFileType = text.plist.xml; path = "SA_PlugIn-Info.plist"; sourceTree = "<group>"; };
		2DA8FA1515FEAAB000F04B50 /* ReadMe.txt */ = {isa = PBXFileReference; lastKnownFileType = text; path = ReadMe.txt; sourceTree = "<group>"; };
		2DD7AA0815EACDDF00C67AE1 /* SA_IOKit.cpp */ = {isa = PBXFileReference; fileEncoding = 4; lastKnownFileType = sourcecode.cpp.cpp; path = SA_IOKit.cpp; sourceTree = "<group>"; };
		2DD7AA0915EACDDF00C67AE1 /* SA_IOKit.h */ = {isa = PBXFileReference; fileEncoding = 4; lastKnownFileType = sourcecode.c.h; path = SA_IOKit.h; sourceTree = "<group>"; };
		2DD7AA0E15EAFD3300C67AE1 /* CACFArray.cpp */ = {isa = PBXFileReference; lastKnownFileType = sourcecode.cpp.cpp; path = CACFArray.cpp; sourceTree = "<group>"; };
		2DD7AA0F15EAFD3300C67AE1 /* CACFArray.h */ = {isa = PBXFileReference; lastKnownFileType = sourcecode.c.h; path = CACFArray.h; sourceTree = "<group>"; };
		2DD7AA1015EAFD3300C67AE1 /* CACFDictionary.cpp */ = {isa = PBXFileReference; lastKnownFileType = sourcecode.cpp.cpp; path = CACFDictionary.cpp; sourceTree = "<group>"; };
		2DD7AA1115EAFD3300C67AE1 /* CACFDictionary.h */ = {isa = PBXFileReference; lastKnownFileType = sourcecode.c.h; path = CACFDictionary.h; sourceTree = "<group>"; };
		2DD7AA1215EAFD3300C67AE1 /* CACFNumber.cpp */ = {isa = PBXFileReference; lastKnownFileType = sourcecode.cpp.cpp; path = CACFNumber.cpp; sourceTree = "<group>"; };
		2DD7AA1315EAFD3300C67AE1 /* CACFNumber.h */ = {isa = PBXFileReference; lastKnownFileType = sourcecode.c.h; path = CACFNumber.h; sourceTree = "<group>"; };
		2DD7AA1415EAFD3300C67AE1 /* CACFString.cpp */ = {isa = PBXFileReference; lastKnownFileType = sourcecode.cpp.cpp; path = CACFString.cpp; sourceTree = "<group>"; };
		2DD7AA1515EAFD3300C67AE1 /* CACFString.h */ = {isa = PBXFileReference; lastKnownFileType = sourcecode.c.h; path = CACFString.h; sourceTree = "<group>"; };
		2DD7AA1615EAFD3300C67AE1 /* CADebugger.cpp */ = {isa = PBXFileReference; lastKnownFileType = sourcecode.cpp.cpp; path = CADebugger.cpp; sourceTree = "<group>"; };
		2DD7AA1715EAFD3300C67AE1 /* CADebugger.h */ = {isa = PBXFileReference; lastKnownFileType = sourcecode.c.h; path = CADebugger.h; sourceTree = "<group>"; };
		2DD7AA1815EAFD3300C67AE1 /* CADebugMacros.cpp */ = {isa = PBXFileReference; lastKnownFileType = sourcecode.cpp.cpp; path = CADebugMacros.cpp; sourceTree = "<group>"; };
		2DD7AA1915EAFD3300C67AE1 /* CADebugMacros.h */ = {isa = PBXFileReference; lastKnownFileType = sourcecode.c.h; path = CADebugMacros.h; sourceTree = "<group>"; };
		2DD7AA1A15EAFD3300C67AE1 /* CADebugPrintf.cpp */ = {isa = PBXFileReference; lastKnownFileType = sourcecode.cpp.cpp; path = CADebugPrintf.cpp; sourceTree = "<group>"; };
		2DD7AA1B15EAFD3300C67AE1 /* CADebugPrintf.h */ = {isa = PBXFileReference; lastKnownFileType = sourcecode.c.h; path = CADebugPrintf.h; sourceTree = "<group>"; };
		2DD7AA1C15EAFD3300C67AE1 /* CAException.h */ = {isa = PBXFileReference; lastKnownFileType = sourcecode.c.h; path = CAException.h; sourceTree = "<group>"; };
		2DD7AA1D15EAFD3300C67AE1 /* CAGuard.cpp */ = {isa = PBXFileReference; lastKnownFileType = sourcecode.cpp.cpp; path = CAGuard.cpp; sourceTree = "<group>"; };
		2DD7AA1E15EAFD3300C67AE1 /* CAGuard.h */ = {isa = PBXFileReference; lastKnownFileType = sourcecode.c.h; path = CAGuard.h; sourceTree = "<group>"; };
		2DD7AA1F15EAFD3300C67AE1 /* CAHostTimeBase.cpp */ = {isa = PBXFileReference; lastKnownFileType = sourcecode.cpp.cpp; path = CAHostTimeBase.cpp; sourceTree = "<group>"; };
		2DD7AA2015EAFD3300C67AE1 /* CAHostTimeBase.h */ = {isa = PBXFileReference; lastKnownFileType = sourcecode.c.h; path = CAHostTimeBase.h; sourceTree = "<group>"; };
		2DD7AA2115EAFD3300C67AE1 /* CAMutex.cpp */ = {isa = PBXFileReference; lastKnownFileType = sourcecode.cpp.cpp; path = CAMutex.cpp; sourceTree = "<group>"; };
		2DD7AA2215EAFD3300C67AE1 /* CAMutex.h */ = {isa = PBXFileReference; lastKnownFileType = sourcecode.c.h; path = CAMutex.h; sourceTree = "<group>"; };
		2DD7AA7B15EC20FD00C67AE1 /* CADispatchQueue.cpp */ = {isa = PBXFileReference; fileEncoding = 4; lastKnownFileType = sourcecode.cpp.cpp; path = CADispatchQueue.cpp; sourceTree = "<group>"; };
		2DD7AA7C15EC20FD00C67AE1 /* CADispatchQueue.h */ = {isa = PBXFileReference; fileEncoding = 4; lastKnownFileType = sourcecode.c.h; path = CADispatchQueue.h; sourceTree = "<group>"; };
		2DD7AA7F15EC3DB800C67AE1 /* CACFObject.h */ = {isa = PBXFileReference; fileEncoding = 4; lastKnownFileType = sourcecode.c.h; path = CACFObject.h; sourceTree = "<group>"; };
		2DD7AA9515EC551500C67AE1 /* SA_Device.cpp */ = {isa = PBXFileReference; fileEncoding = 4; lastKnownFileType = sourcecode.cpp.cpp; path = SA_Device.cpp; sourceTree = "<group>"; };
		2DD7AA9615EC551600C67AE1 /* SA_Device.h */ = {isa = PBXFileReference; fileEncoding = 4; lastKnownFileType = sourcecode.c.h; path = SA_Device.h; sourceTree = "<group>"; };
		2DD7AA9915EC572000C67AE1 /* IOKit.framework */ = {isa = PBXFileReference; lastKnownFileType = wrapper.framework; name = IOKit.framework; path = System/Library/Frameworks/IOKit.framework; sourceTree = SDKROOT; };
		2DED182415C356BA0091BE97 /* SimpleAudioDriver-Info.plist */ = {isa = PBXFileReference; lastKnownFileType = text.plist.xml; path = "SimpleAudioDriver-Info.plist"; sourceTree = "<group>"; };
		2DED182515C356BA0091BE97 /* SimpleAudioDriver.cpp */ = {isa = PBXFileReference; lastKnownFileType = sourcecode.cpp.cpp; path = SimpleAudioDriver.cpp; sourceTree = "<group>"; };
		2DED182615C356BA0091BE97 /* SimpleAudioDriver.h */ = {isa = PBXFileReference; lastKnownFileType = sourcecode.c.h; path = SimpleAudioDriver.h; sourceTree = "<group>"; };
		2DED182915C356BA0091BE97 /* SimpleAudioDriverUserClient.cpp */ = {isa = PBXFileReference; lastKnownFileType = sourcecode.cpp.cpp; path = SimpleAudioDriverUserClient.cpp; sourceTree = "<group>"; };
		2DED182A15C356BA0091BE97 /* SimpleAudioDriverUserClient.h */ = {isa = PBXFileReference; lastKnownFileType = sourcecode.c.h; path = SimpleAudioDriverUserClient.h; sourceTree = "<group>"; };
		2DED182B15C356BA0091BE97 /* SimpleAudioDriverTypes.h */ = {isa = PBXFileReference; lastKnownFileType = sourcecode.c.h; path = SimpleAudioDriverTypes.h; sourceTree = "<group>"; };
		2DED183815C357180091BE97 /* SimpleAudioDriver.kext */ = {isa = PBXFileReference; explicitFileType = wrapper.cfbundle; includeInIndex = 0; path = SimpleAudioDriver.kext; sourceTree = BUILT_PRODUCTS_DIR; };
		2DED183A15C357180091BE97 /* Kernel.framework */ = {isa = PBXFileReference; lastKnownFileType = wrapper.framework; name = Kernel.framework; path = System/Library/Frameworks/Kernel.framework; sourceTree = SDKROOT; };
/* End PBXFileReference section */

/* Begin PBXFrameworksBuildPhase section */
		2D7477A61578168D00412279 /* Frameworks */ = {
			isa = PBXFrameworksBuildPhase;
			buildActionMask = 2147483647;
			files = (
				2D7477AD1578168D00412279 /* CoreFoundation.framework in Frameworks */,
			);
			runOnlyForDeploymentPostprocessing = 0;
		};
		2D76D95D15E48B2000FF0F33 /* Frameworks */ = {
			isa = PBXFrameworksBuildPhase;
			buildActionMask = 2147483647;
			files = (
				2D76D96115E48B2000FF0F33 /* CoreFoundation.framework in Frameworks */,
				2DD7AA9A15EC572000C67AE1 /* IOKit.framework in Frameworks */,
			);
			runOnlyForDeploymentPostprocessing = 0;
		};
		2DED183315C357180091BE97 /* Frameworks */ = {
			isa = PBXFrameworksBuildPhase;
			buildActionMask = 2147483647;
			files = (
			);
			runOnlyForDeploymentPostprocessing = 0;
		};
/* End PBXFrameworksBuildPhase section */

/* Begin PBXGroup section */
		2D616EF015B8C82500D598BD /* NullAudio */ = {
			isa = PBXGroup;
			children = (
				2D46CA7C17D6AF4200049D4A /* DeviceIcon.icns */,
				2D46CA7817D6AD8A00049D4A /* Localizable.strings */,
				2D616EF115B8C82500D598BD /* NullAudio-Info.plist */,
				2D616EF215B8C82500D598BD /* NullAudio.c */,
			);
			path = NullAudio;
			sourceTree = "<group>";
		};
		2D74779B1578162B00412279 = {
			isa = PBXGroup;
			children = (
				2DA8FA1515FEAAB000F04B50 /* ReadMe.txt */,
				2D616EF015B8C82500D598BD /* NullAudio */,
				2DED182215C356BA0091BE97 /* SimpleAudio */,
				2DD7AA0D15EAFD3300C67AE1 /* PublicUtility */,
				2D7477AB1578168D00412279 /* Frameworks */,
				2D7477AA1578168D00412279 /* Products */,
			);
			sourceTree = "<group>";
		};
		2D7477AA1578168D00412279 /* Products */ = {
			isa = PBXGroup;
			children = (
				2D7477A91578168D00412279 /* NullAudio.driver */,
				2DED183815C357180091BE97 /* SimpleAudioDriver.kext */,
				2D76D96015E48B2000FF0F33 /* SimpleAudioPlugIn.driver */,
			);
			name = Products;
			sourceTree = "<group>";
		};
		2D7477AB1578168D00412279 /* Frameworks */ = {
			isa = PBXGroup;
			children = (
				2D7477EC157823CF00412279 /* CoreAudio.framework */,
				2D7477AC1578168D00412279 /* CoreFoundation.framework */,
				2DD7AA9915EC572000C67AE1 /* IOKit.framework */,
				2DED183A15C357180091BE97 /* Kernel.framework */,
			);
			name = Frameworks;
			sourceTree = "<group>";
		};
		2DA8FA7E15FEC6B500F04B50 /* Resources */ = {
			isa = PBXGroup;
			children = (
				2D47CAA215FEC82B002AAFB5 /* Localizable.strings */,
			);
			path = Resources;
			sourceTree = "<group>";
		};
		2DD7AA0D15EAFD3300C67AE1 /* PublicUtility */ = {
			isa = PBXGroup;
			children = (
				2DD7AA0E15EAFD3300C67AE1 /* CACFArray.cpp */,
				2DD7AA0F15EAFD3300C67AE1 /* CACFArray.h */,
				2DD7AA1015EAFD3300C67AE1 /* CACFDictionary.cpp */,
				2DD7AA1115EAFD3300C67AE1 /* CACFDictionary.h */,
				2DD7AA1215EAFD3300C67AE1 /* CACFNumber.cpp */,
				2DD7AA1315EAFD3300C67AE1 /* CACFNumber.h */,
				2DD7AA7F15EC3DB800C67AE1 /* CACFObject.h */,
				2DD7AA1415EAFD3300C67AE1 /* CACFString.cpp */,
				2DD7AA1515EAFD3300C67AE1 /* CACFString.h */,
				2DD7AA1615EAFD3300C67AE1 /* CADebugger.cpp */,
				2DD7AA1715EAFD3300C67AE1 /* CADebugger.h */,
				2DD7AA1815EAFD3300C67AE1 /* CADebugMacros.cpp */,
				2DD7AA1915EAFD3300C67AE1 /* CADebugMacros.h */,
				2DD7AA1A15EAFD3300C67AE1 /* CADebugPrintf.cpp */,
				2DD7AA1B15EAFD3300C67AE1 /* CADebugPrintf.h */,
				2DD7AA7B15EC20FD00C67AE1 /* CADispatchQueue.cpp */,
				2DD7AA7C15EC20FD00C67AE1 /* CADispatchQueue.h */,
				2DD7AA1C15EAFD3300C67AE1 /* CAException.h */,
				2DD7AA1D15EAFD3300C67AE1 /* CAGuard.cpp */,
				2DD7AA1E15EAFD3300C67AE1 /* CAGuard.h */,
				2DD7AA1F15EAFD3300C67AE1 /* CAHostTimeBase.cpp */,
				2DD7AA2015EAFD3300C67AE1 /* CAHostTimeBase.h */,
				2DD7AA2115EAFD3300C67AE1 /* CAMutex.cpp */,
				2DD7AA2215EAFD3300C67AE1 /* CAMutex.h */,
				2D4DE41215EDF8D500E96F0D /* CAVolumeCurve.cpp */,
				2D4DE41315EDF8D500E96F0D /* CAVolumeCurve.h */,
			);
			path = PublicUtility;
			sourceTree = "<group>";
		};
		2DED182215C356BA0091BE97 /* SimpleAudio */ = {
			isa = PBXGroup;
			children = (
				2DED182315C356BA0091BE97 /* Driver */,
				2DED182C15C356BA0091BE97 /* Plug-In */,
			);
			path = SimpleAudio;
			sourceTree = "<group>";
		};
		2DED182315C356BA0091BE97 /* Driver */ = {
			isa = PBXGroup;
			children = (
				2DED182415C356BA0091BE97 /* SimpleAudioDriver-Info.plist */,
				2DED182515C356BA0091BE97 /* SimpleAudioDriver.cpp */,
				2DED182615C356BA0091BE97 /* SimpleAudioDriver.h */,
				2DED182915C356BA0091BE97 /* SimpleAudioDriverUserClient.cpp */,
				2DED182A15C356BA0091BE97 /* SimpleAudioDriverUserClient.h */,
				2DED182B15C356BA0091BE97 /* SimpleAudioDriverTypes.h */,
			);
			path = Driver;
			sourceTree = "<group>";
		};
		2DED182C15C356BA0091BE97 /* Plug-In */ = {
			isa = PBXGroup;
			children = (
				2DD7AA9515EC551500C67AE1 /* SA_Device.cpp */,
				2DD7AA9615EC551600C67AE1 /* SA_Device.h */,
				2DD7AA0815EACDDF00C67AE1 /* SA_IOKit.cpp */,
				2DD7AA0915EACDDF00C67AE1 /* SA_IOKit.h */,
				2D76D97815E498EB00FF0F33 /* SA_Object.cpp */,
				2D76D97915E498EB00FF0F33 /* SA_Object.h */,
				2D76D98B15E56E4E00FF0F33 /* SA_PlugIn-Info.plist */,
				2D76D97415E48B6400FF0F33 /* SA_PlugIn.cpp */,
				2D76D97515E48B6400FF0F33 /* SA_PlugIn.h */,
				2DA8FA7E15FEC6B500F04B50 /* Resources */,
			);
			path = "Plug-In";
			sourceTree = "<group>";
		};
/* End PBXGroup section */

/* Begin PBXHeadersBuildPhase section */
		2D76D95E15E48B2000FF0F33 /* Headers */ = {
			isa = PBXHeadersBuildPhase;
			buildActionMask = 2147483647;
			files = (
				2D76D97715E48B6400FF0F33 /* SA_PlugIn.h in Headers */,
				2D76D97B15E498EB00FF0F33 /* SA_Object.h in Headers */,
				2DD7AA0B15EACDE000C67AE1 /* SA_IOKit.h in Headers */,
				2DD7AA2415EAFD5100C67AE1 /* CACFArray.h in Headers */,
				2DD7AA2615EAFD5100C67AE1 /* CACFDictionary.h in Headers */,
				2DD7AA2815EAFD5100C67AE1 /* CACFNumber.h in Headers */,
				2DD7AA2A15EAFD5100C67AE1 /* CACFString.h in Headers */,
				2DD7AA2C15EAFD5100C67AE1 /* CADebugger.h in Headers */,
				2DD7AA2E15EAFD5100C67AE1 /* CADebugMacros.h in Headers */,
				2DD7AA3015EAFD5100C67AE1 /* CADebugPrintf.h in Headers */,
				2DD7AA3115EAFD5100C67AE1 /* CAException.h in Headers */,
				2DD7AA3315EAFD5100C67AE1 /* CAGuard.h in Headers */,
				2DD7AA3515EAFD5100C67AE1 /* CAHostTimeBase.h in Headers */,
				2DD7AA3715EAFD5100C67AE1 /* CAMutex.h in Headers */,
				2DD7AA7E15EC20FD00C67AE1 /* CADispatchQueue.h in Headers */,
				2DD7AA8015EC3DB800C67AE1 /* CACFObject.h in Headers */,
				2DD7AA9815EC551600C67AE1 /* SA_Device.h in Headers */,
				2D4DE41515EDF8D500E96F0D /* CAVolumeCurve.h in Headers */,
			);
			runOnlyForDeploymentPostprocessing = 0;
		};
		2DED183415C357180091BE97 /* Headers */ = {
			isa = PBXHeadersBuildPhase;
			buildActionMask = 2147483647;
			files = (
				2DED184A15C359AC0091BE97 /* SimpleAudioDriver.h in Headers */,
				2DED184C15C359AC0091BE97 /* SimpleAudioDriverUserClient.h in Headers */,
				2DED184D15C359AC0091BE97 /* SimpleAudioDriverTypes.h in Headers */,
			);
			runOnlyForDeploymentPostprocessing = 0;
		};
/* End PBXHeadersBuildPhase section */

/* Begin PBXNativeTarget section */
		2D7477A81578168D00412279 /* NullAudio */ = {
			isa = PBXNativeTarget;
			buildConfigurationList = 2D7477B51578168D00412279 /* Build configuration list for PBXNativeTarget "NullAudio" */;
			buildPhases = (
				2D7477A51578168D00412279 /* Sources */,
				2D7477A61578168D00412279 /* Frameworks */,
				2D46CA7A17D6ADC500049D4A /* Resources */,
			);
			buildRules = (
			);
			dependencies = (
			);
			name = NullAudio;
			productName = AudioNULLDriver;
			productReference = 2D7477A91578168D00412279 /* NullAudio.driver */;
			productType = "com.apple.product-type.bundle";
		};
		2D76D95F15E48B2000FF0F33 /* SimpleAudioPlugIn */ = {
			isa = PBXNativeTarget;
			buildConfigurationList = 2D76D97215E48B2000FF0F33 /* Build configuration list for PBXNativeTarget "SimpleAudioPlugIn" */;
			buildPhases = (
				2D76D95E15E48B2000FF0F33 /* Headers */,
				2D76D95C15E48B2000FF0F33 /* Sources */,
				2D76D95D15E48B2000FF0F33 /* Frameworks */,
				2DA8FA4B15FEABE000F04B50 /* Resources */,
			);
			buildRules = (
			);
			dependencies = (
			);
			name = SimpleAudioPlugIn;
			productName = SimpleAudioPlugIn;
			productReference = 2D76D96015E48B2000FF0F33 /* SimpleAudioPlugIn.driver */;
			productType = "com.apple.product-type.bundle";
		};
		2DED183715C357180091BE97 /* SimpleAudioDriver */ = {
			isa = PBXNativeTarget;
			buildConfigurationList = 2DED184515C357180091BE97 /* Build configuration list for PBXNativeTarget "SimpleAudioDriver" */;
			buildPhases = (
				2DED183415C357180091BE97 /* Headers */,
				2DED183215C357180091BE97 /* Sources */,
				2DED183315C357180091BE97 /* Frameworks */,
			);
			buildRules = (
			);
			dependencies = (
			);
			name = SimpleAudioDriver;
			productName = SimpleAudioDriver;
			productReference = 2DED183815C357180091BE97 /* SimpleAudioDriver.kext */;
			productType = "com.apple.product-type.kernel-extension";
		};
/* End PBXNativeTarget section */

/* Begin PBXProject section */
		2D74779D1578162B00412279 /* Project object */ = {
			isa = PBXProject;
			attributes = {
				LastUpgradeCheck = 0500;
			};
			buildConfigurationList = 2D7477A01578162B00412279 /* Build configuration list for PBXProject "AudioDriverExamples" */;
			compatibilityVersion = "Xcode 3.2";
			developmentRegion = English;
			hasScannedForEncodings = 0;
			knownRegions = (
				en,
				English,
			);
			mainGroup = 2D74779B1578162B00412279;
			productRefGroup = 2D7477AA1578168D00412279 /* Products */;
			projectDirPath = "";
			projectRoot = "";
			targets = (
				2D7477A81578168D00412279 /* NullAudio */,
				2DED183715C357180091BE97 /* SimpleAudioDriver */,
				2D76D95F15E48B2000FF0F33 /* SimpleAudioPlugIn */,
			);
		};
/* End PBXProject section */

/* Begin PBXResourcesBuildPhase section */
		2D46CA7A17D6ADC500049D4A /* Resources */ = {
			isa = PBXResourcesBuildPhase;
			buildActionMask = 2147483647;
			files = (
				2D46CA7B17D6ADCA00049D4A /* Localizable.strings in Resources */,
				2D46CA7D17D6AF4200049D4A /* DeviceIcon.icns in Resources */,
			);
			runOnlyForDeploymentPostprocessing = 0;
		};
		2DA8FA4B15FEABE000F04B50 /* Resources */ = {
			isa = PBXResourcesBuildPhase;
			buildActionMask = 2147483647;
			files = (
				2D47CAA415FEC82B002AAFB5 /* Localizable.strings in Resources */,
			);
			runOnlyForDeploymentPostprocessing = 0;
		};
/* End PBXResourcesBuildPhase section */

/* Begin PBXSourcesBuildPhase section */
		2D7477A51578168D00412279 /* Sources */ = {
			isa = PBXSourcesBuildPhase;
			buildActionMask = 2147483647;
			files = (
				2D616EF415B8C82500D598BD /* NullAudio.c in Sources */,
			);
			runOnlyForDeploymentPostprocessing = 0;
		};
		2D76D95C15E48B2000FF0F33 /* Sources */ = {
			isa = PBXSourcesBuildPhase;
			buildActionMask = 2147483647;
			files = (
				2D76D97615E48B6400FF0F33 /* SA_PlugIn.cpp in Sources */,
				2D76D97A15E498EB00FF0F33 /* SA_Object.cpp in Sources */,
				2DD7AA0A15EACDE000C67AE1 /* SA_IOKit.cpp in Sources */,
				2DD7AA2315EAFD5100C67AE1 /* CACFArray.cpp in Sources */,
				2DD7AA2515EAFD5100C67AE1 /* CACFDictionary.cpp in Sources */,
				2DD7AA2715EAFD5100C67AE1 /* CACFNumber.cpp in Sources */,
				2DD7AA2915EAFD5100C67AE1 /* CACFString.cpp in Sources */,
				2DD7AA2B15EAFD5100C67AE1 /* CADebugger.cpp in Sources */,
				2DD7AA2D15EAFD5100C67AE1 /* CADebugMacros.cpp in Sources */,
				2DD7AA2F15EAFD5100C67AE1 /* CADebugPrintf.cpp in Sources */,
				2DD7AA3215EAFD5100C67AE1 /* CAGuard.cpp in Sources */,
				2DD7AA3415EAFD5100C67AE1 /* CAHostTimeBase.cpp in Sources */,
				2DD7AA3615EAFD5100C67AE1 /* CAMutex.cpp in Sources */,
				2DD7AA7D15EC20FD00C67AE1 /* CADispatchQueue.cpp in Sources */,
				2DD7AA9715EC551600C67AE1 /* SA_Device.cpp in Sources */,
				2D4DE41415EDF8D500E96F0D /* CAVolumeCurve.cpp in Sources */,
			);
			runOnlyForDeploymentPostprocessing = 0;
		};
		2DED183215C357180091BE97 /* Sources */ = {
			isa = PBXSourcesBuildPhase;
			buildActionMask = 2147483647;
			files = (
				2DED184915C359AC0091BE97 /* SimpleAudioDriver.cpp in Sources */,
				2DED184B15C359AC0091BE97 /* SimpleAudioDriverUserClient.cpp in Sources */,
			);
			runOnlyForDeploymentPostprocessing = 0;
		};
/* End PBXSourcesBuildPhase section */

/* Begin PBXVariantGroup section */
		2D46CA7817D6AD8A00049D4A /* Localizable.strings */ = {
			isa = PBXVariantGroup;
			children = (
				2D46CA7917D6AD8A00049D4A /* English */,
			);
			name = Localizable.strings;
			sourceTree = "<group>";
		};
		2D47CAA215FEC82B002AAFB5 /* Localizable.strings */ = {
			isa = PBXVariantGroup;
			children = (
				2D47CAA315FEC82B002AAFB5 /* English */,
			);
			name = Localizable.strings;
			sourceTree = "<group>";
		};
/* End PBXVariantGroup section */

/* Begin XCBuildConfiguration section */
		2D7477A21578162B00412279 /* Release */ = {
			isa = XCBuildConfiguration;
			buildSettings = {
				ARCHS = "$(ARCHS_STANDARD_64_BIT)";
				CLANG_CXX_LANGUAGE_STANDARD = "c++0x";
				CLANG_CXX_LIBRARY = "libc++";
				CLANG_WARN_CONSTANT_CONVERSION = YES;
				CLANG_WARN_EMPTY_BODY = YES;
				CLANG_WARN_ENUM_CONVERSION = YES;
				CLANG_WARN_IMPLICIT_SIGN_CONVERSION = NO;
				CLANG_WARN_INT_CONVERSION = YES;
				CLANG_WARN__EXIT_TIME_DESTRUCTORS = YES;
				DEAD_CODE_STRIPPING = YES;
				DEBUG_INFORMATION_FORMAT = "dwarf-with-dsym";
				GCC_OPTIMIZATION_LEVEL = s;
				GCC_WARN_64_TO_32_BIT_CONVERSION = YES;
				GCC_WARN_ABOUT_MISSING_FIELD_INITIALIZERS = YES;
				GCC_WARN_ABOUT_MISSING_NEWLINE = YES;
				GCC_WARN_ABOUT_MISSING_PROTOTYPES = YES;
				GCC_WARN_ABOUT_RETURN_TYPE = YES;
				GCC_WARN_HIDDEN_VIRTUAL_FUNCTIONS = YES;
				GCC_WARN_INITIALIZER_NOT_FULLY_BRACKETED = YES;
				GCC_WARN_NON_VIRTUAL_DESTRUCTOR = YES;
				GCC_WARN_SHADOW = YES;
				GCC_WARN_SIGN_COMPARE = YES;
				GCC_WARN_UNINITIALIZED_AUTOS = YES;
				GCC_WARN_UNKNOWN_PRAGMAS = YES;
				GCC_WARN_UNUSED_FUNCTION = YES;
				GCC_WARN_UNUSED_LABEL = YES;
				GCC_WARN_UNUSED_PARAMETER = YES;
				GCC_WARN_UNUSED_VARIABLE = YES;
				SDKROOT = macosx;
			};
			name = Release;
		};
		2D7477A31578162B00412279 /* Debug */ = {
			isa = XCBuildConfiguration;
			buildSettings = {
				ARCHS = "$(ARCHS_STANDARD_64_BIT)";
				CLANG_CXX_LANGUAGE_STANDARD = "c++0x";
				CLANG_CXX_LIBRARY = "libc++";
				CLANG_WARN_CONSTANT_CONVERSION = YES;
				CLANG_WARN_EMPTY_BODY = YES;
				CLANG_WARN_ENUM_CONVERSION = YES;
				CLANG_WARN_IMPLICIT_SIGN_CONVERSION = NO;
				CLANG_WARN_INT_CONVERSION = YES;
				CLANG_WARN__EXIT_TIME_DESTRUCTORS = YES;
				DEAD_CODE_STRIPPING = YES;
				DEBUG_INFORMATION_FORMAT = "dwarf-with-dsym";
				GCC_OPTIMIZATION_LEVEL = 0;
				GCC_WARN_64_TO_32_BIT_CONVERSION = YES;
				GCC_WARN_ABOUT_MISSING_FIELD_INITIALIZERS = YES;
				GCC_WARN_ABOUT_MISSING_NEWLINE = YES;
				GCC_WARN_ABOUT_MISSING_PROTOTYPES = YES;
				GCC_WARN_ABOUT_RETURN_TYPE = YES;
				GCC_WARN_HIDDEN_VIRTUAL_FUNCTIONS = YES;
				GCC_WARN_INITIALIZER_NOT_FULLY_BRACKETED = YES;
				GCC_WARN_NON_VIRTUAL_DESTRUCTOR = YES;
				GCC_WARN_SHADOW = YES;
				GCC_WARN_SIGN_COMPARE = YES;
				GCC_WARN_UNINITIALIZED_AUTOS = YES;
				GCC_WARN_UNKNOWN_PRAGMAS = YES;
				GCC_WARN_UNUSED_FUNCTION = YES;
				GCC_WARN_UNUSED_LABEL = YES;
				GCC_WARN_UNUSED_PARAMETER = YES;
				GCC_WARN_UNUSED_VARIABLE = YES;
				SDKROOT = macosx;
			};
			name = Debug;
		};
		2D7477A41578164E00412279 /* Debug-Opt */ = {
			isa = XCBuildConfiguration;
			buildSettings = {
				ARCHS = "$(ARCHS_STANDARD_64_BIT)";
				CLANG_CXX_LANGUAGE_STANDARD = "c++0x";
				CLANG_CXX_LIBRARY = "libc++";
				CLANG_WARN_CONSTANT_CONVERSION = YES;
				CLANG_WARN_EMPTY_BODY = YES;
				CLANG_WARN_ENUM_CONVERSION = YES;
				CLANG_WARN_IMPLICIT_SIGN_CONVERSION = NO;
				CLANG_WARN_INT_CONVERSION = YES;
				CLANG_WARN__EXIT_TIME_DESTRUCTORS = YES;
				DEAD_CODE_STRIPPING = YES;
				DEBUG_INFORMATION_FORMAT = "dwarf-with-dsym";
				GCC_OPTIMIZATION_LEVEL = s;
				GCC_WARN_64_TO_32_BIT_CONVERSION = YES;
				GCC_WARN_ABOUT_MISSING_FIELD_INITIALIZERS = YES;
				GCC_WARN_ABOUT_MISSING_NEWLINE = YES;
				GCC_WARN_ABOUT_MISSING_PROTOTYPES = YES;
				GCC_WARN_ABOUT_RETURN_TYPE = YES;
				GCC_WARN_HIDDEN_VIRTUAL_FUNCTIONS = YES;
				GCC_WARN_INITIALIZER_NOT_FULLY_BRACKETED = YES;
				GCC_WARN_NON_VIRTUAL_DESTRUCTOR = YES;
				GCC_WARN_SHADOW = YES;
				GCC_WARN_SIGN_COMPARE = YES;
				GCC_WARN_UNINITIALIZED_AUTOS = YES;
				GCC_WARN_UNKNOWN_PRAGMAS = YES;
				GCC_WARN_UNUSED_FUNCTION = YES;
				GCC_WARN_UNUSED_LABEL = YES;
				GCC_WARN_UNUSED_PARAMETER = YES;
				GCC_WARN_UNUSED_VARIABLE = YES;
				SDKROOT = macosx;
			};
			name = "Debug-Opt";
		};
		2D7477B61578168D00412279 /* Release */ = {
			isa = XCBuildConfiguration;
			buildSettings = {
				GCC_PREPROCESSOR_DEFINITIONS = (
					"$(inherited)",
					"DEBUG=0",
				);
				INFOPLIST_FILE = "NullAudio/NullAudio-Info.plist";
				INSTALL_PATH = "$(LOCAL_LIBRARY_DIR)/Audio/Plug-Ins/HAL";
				PRODUCT_NAME = "$(TARGET_NAME)";
				WRAPPER_EXTENSION = driver;
			};
			name = Release;
		};
		2D7477B71578168D00412279 /* Debug */ = {
			isa = XCBuildConfiguration;
			buildSettings = {
				GCC_PREPROCESSOR_DEFINITIONS = (
					"$(inherited)",
					"DEBUG=1",
				);
				INFOPLIST_FILE = "NullAudio/NullAudio-Info.plist";
				INSTALL_PATH = "$(LOCAL_LIBRARY_DIR)/Audio/Plug-Ins/HAL";
				PRODUCT_NAME = "$(TARGET_NAME)";
				WRAPPER_EXTENSION = driver;
			};
			name = Debug;
		};
		2D7477B81578168D00412279 /* Debug-Opt */ = {
			isa = XCBuildConfiguration;
			buildSettings = {
				GCC_PREPROCESSOR_DEFINITIONS = (
					"$(inherited)",
					"DEBUG=1",
				);
				INFOPLIST_FILE = "NullAudio/NullAudio-Info.plist";
				INSTALL_PATH = "$(LOCAL_LIBRARY_DIR)/Audio/Plug-Ins/HAL";
				PRODUCT_NAME = "$(TARGET_NAME)";
				WRAPPER_EXTENSION = driver;
			};
			name = "Debug-Opt";
		};
		2D76D96F15E48B2000FF0F33 /* Release */ = {
			isa = XCBuildConfiguration;
			buildSettings = {
				GCC_ENABLE_CPP_RTTI = NO;
				GCC_PREPROCESSOR_DEFINITIONS = (
					"$(inherited)",
					"CoreAudio_Debug=0",
					"CoreAudio_UseSysLog=1",
				);
				INFOPLIST_FILE = "SimpleAudio/Plug-In/SA_PlugIn-Info.plist";
				INSTALL_PATH = "$(LOCAL_LIBRARY_DIR)/Audio/Plug-Ins/HAL";
				PRODUCT_NAME = "$(TARGET_NAME)";
				WRAPPER_EXTENSION = driver;
			};
			name = Release;
		};
		2D76D97015E48B2000FF0F33 /* Debug */ = {
			isa = XCBuildConfiguration;
			buildSettings = {
				GCC_ENABLE_CPP_RTTI = NO;
				GCC_PREPROCESSOR_DEFINITIONS = (
					"$(inherited)",
					"CoreAudio_Debug=1",
					"CoreAudio_UseSysLog=1",
				);
				INFOPLIST_FILE = "SimpleAudio/Plug-In/SA_PlugIn-Info.plist";
				INSTALL_PATH = "$(LOCAL_LIBRARY_DIR)/Audio/Plug-Ins/HAL";
				PRODUCT_NAME = "$(TARGET_NAME)";
				WRAPPER_EXTENSION = driver;
			};
			name = Debug;
		};
		2D76D97115E48B2000FF0F33 /* Debug-Opt */ = {
			isa = XCBuildConfiguration;
			buildSettings = {
				GCC_ENABLE_CPP_RTTI = NO;
				GCC_PREPROCESSOR_DEFINITIONS = (
					"$(inherited)",
					"CoreAudio_Debug=1",
					"CoreAudio_UseSysLog=1",
				);
				INFOPLIST_FILE = "SimpleAudio/Plug-In/SA_PlugIn-Info.plist";
				INSTALL_PATH = "$(LOCAL_LIBRARY_DIR)/Audio/Plug-Ins/HAL";
				PRODUCT_NAME = "$(TARGET_NAME)";
				WRAPPER_EXTENSION = driver;
			};
			name = "Debug-Opt";
		};
		2DED184615C357180091BE97 /* Release */ = {
			isa = XCBuildConfiguration;
			buildSettings = {
				CLANG_WARN__EXIT_TIME_DESTRUCTORS = NO;
				GCC_PREPROCESSOR_DEFINITIONS = "";
				INFOPLIST_FILE = "SimpleAudio/Driver/SimpleAudioDriver-Info.plist";
				INSTALL_PATH = "$(SYSTEM_LIBRARY_DIR)/Extensions";
				MODULE_NAME = com.apple.audio.SimpleAudioDriver;
				MODULE_VERSION = 1.0;
				PRODUCT_NAME = "$(TARGET_NAME)";
				WRAPPER_EXTENSION = kext;
			};
			name = Release;
		};
		2DED184715C357180091BE97 /* Debug */ = {
			isa = XCBuildConfiguration;
			buildSettings = {
				CLANG_WARN__EXIT_TIME_DESTRUCTORS = NO;
				GCC_PREPROCESSOR_DEFINITIONS = "DEBUG=1";
				INFOPLIST_FILE = "SimpleAudio/Driver/SimpleAudioDriver-Info.plist";
				INSTALL_PATH = "$(SYSTEM_LIBRARY_DIR)/Extensions";
				MODULE_NAME = com.apple.audio.SimpleAudioDriver;
				MODULE_VERSION = 1.0;
				PRODUCT_NAME = "$(TARGET_NAME)";
				WRAPPER_EXTENSION = kext;
			};
			name = Debug;
		};
		2DED184815C357180091BE97 /* Debug-Opt */ = {
			isa = XCBuildConfiguration;
			buildSettings = {
				CLANG_WARN__EXIT_TIME_DESTRUCTORS = NO;
				GCC_PREPROCESSOR_DEFINITIONS = "DEBUG=1";
				INFOPLIST_FILE = "SimpleAudio/Driver/SimpleAudioDriver-Info.plist";
				INSTALL_PATH = "$(SYSTEM_LIBRARY_DIR)/Extensions";
				MODULE_NAME = com.apple.audio.SimpleAudioDriver;
				MODULE_VERSION = 1.0;
				PRODUCT_NAME = "$(TARGET_NAME)";
				WRAPPER_EXTENSION = kext;
			};
			name = "Debug-Opt";
		};
/* End XCBuildConfiguration section */

/* Begin XCConfigurationList section */
		2D7477A01578162B00412279 /* Build configuration list for PBXProject "AudioDriverExamples" */ = {
			isa = XCConfigurationList;
			buildConfigurations = (
				2D7477A21578162B00412279 /* Release */,
				2D7477A31578162B00412279 /* Debug */,
				2D7477A41578164E00412279 /* Debug-Opt */,
			);
			defaultConfigurationIsVisible = 0;
			defaultConfigurationName = Release;
		};
		2D7477B51578168D00412279 /* Build configuration list for PBXNativeTarget "NullAudio" */ = {
			isa = XCConfigurationList;
			buildConfigurations = (
				2D7477B61578168D00412279 /* Release */,
				2D7477B71578168D00412279 /* Debug */,
				2D7477B81578168D00412279 /* Debug-Opt */,
			);
			defaultConfigurationIsVisible = 0;
			defaultConfigurationName = Release;
		};
		2D76D97215E48B2000FF0F33 /* Build configuration list for PBXNativeTarget "SimpleAudioPlugIn" */ = {
			isa = XCConfigurationList;
			buildConfigurations = (
				2D76D96F15E48B2000FF0F33 /* Release */,
				2D76D97015E48B2000FF0F33 /* Debug */,
				2D76D97115E48B2000FF0F33 /* Debug-Opt */,
			);
			defaultConfigurationIsVisible = 0;
			defaultConfigurationName = Release;
		};
		2DED184515C357180091BE97 /* Build configuration list for PBXNativeTarget "SimpleAudioDriver" */ = {
			isa = XCConfigurationList;
			buildConfigurations = (
				2DED184615C357180091BE97 /* Release */,
				2DED184715C357180091BE97 /* Debug */,
				2DED184815C357180091BE97 /* Debug-Opt */,
			);
			defaultConfigurationIsVisible = 0;
			defaultConfigurationName = Release;
		};
/* End XCConfigurationList section */
	};
	rootObject = 2D74779D1578162B00412279 /* Project object */;
}
